<?xml version="1.0" encoding="utf-8"?>
<Project ToolsVersion="4.0" xmlns="http://schemas.microsoft.com/developer/msbuild/2003">
  <ItemGroup>
    <Filter Include="Assets">
      <UniqueIdentifier>555600e7-92ea-46c8-82ca-7966954b4f8e</UniqueIdentifier>
      <Extensions>bmp;fbx;gif;jpg;jpeg;tga;tiff;tif;png</Extensions>
    </Filter>
    <Image Include="Assets\LockScreenLogo.scale-200.png">
      <Filter>Assets</Filter>
    </Image>
    <Image Include="Assets\SplashScreen.scale-200.png">
      <Filter>Assets</Filter>
    </Image>
    <Image Include="Assets\Square150x150Logo.scale-200.png">
      <Filter>Assets</Filter>
    </Image>
    <Image Include="Assets\Square44x44Logo.scale-200.png">
      <Filter>Assets</Filter>
    </Image>
    <Image Include="Assets\Square44x44Logo.targetsize-24_altform-unplated.png">
      <Filter>Assets</Filter>
    </Image>
    <Image Include="Assets\Wide310x150Logo.scale-200.png">
      <Filter>Assets</Filter>
    </Image>
    <Filter Include="Source">
      <UniqueIdentifier>{92b4c32f-ce9e-41f6-adf6-4b9b7243af56}</UniqueIdentifier>
    </Filter>
    <Filter Include="Source\Common">
      <UniqueIdentifier>{58e7692d-1dff-4c28-9f02-911207ae5dca}</UniqueIdentifier>
    </Filter>
    <Filter Include="Source\D3DPipeline">
      <UniqueIdentifier>{f395c6dc-f019-412e-b67e-8e627b3ed861}</UniqueIdentifier>
    </Filter>
    <Filter Include="Source\Shaders">
      <UniqueIdentifier>{3c0abe22-a062-4e9e-8f54-0a47d4712508}</UniqueIdentifier>
    </Filter>
    <Filter Include="Source\Renderers">
      <UniqueIdentifier>{55a5d8db-a373-4327-823a-4d9566934af7}</UniqueIdentifier>
    </Filter>
    <Filter Include="Source\Utils">
      <UniqueIdentifier>{61ac4094-c18c-4a47-910b-b3db374efb77}</UniqueIdentifier>
    </Filter>
    <Filter Include="Source\proto">
      <UniqueIdentifier>{e7f39dcc-3d92-44be-a9ce-3ed4e394c715}</UniqueIdentifier>
    </Filter>
    <Filter Include="Source\proto_src">
      <UniqueIdentifier>{349e9330-37b7-496a-a12b-835d0a8f727a}</UniqueIdentifier>
    </Filter>
    <Filter Include="Source\grpc">
      <UniqueIdentifier>{2ccd8ac6-37a6-40fb-9466-03dfba528e9f}</UniqueIdentifier>
    </Filter>
    <Filter Include="Library">
      <UniqueIdentifier>{632fea25-1fe9-4293-8ccf-9be664397b21}</UniqueIdentifier>
    </Filter>
    <Filter Include="Library\x64">
      <UniqueIdentifier>{ee2ac58a-d51e-46ef-b608-3d1319b87455}</UniqueIdentifier>
    </Filter>
    <Filter Include="Library\arm64">
      <UniqueIdentifier>{1ace7229-16ff-419c-bc43-2448ce715034}</UniqueIdentifier>
    </Filter>
    <Filter Include="Library\x64\debug">
      <UniqueIdentifier>{1b174bf6-1c6b-41bb-ad5d-698368c2e5d5}</UniqueIdentifier>
    </Filter>
    <Filter Include="Library\arm64\debug">
      <UniqueIdentifier>{caedeedc-30e3-4128-83cf-8ff99ba9bd4e}</UniqueIdentifier>
    </Filter>
    <Filter Include="Source\SceneObjs">
      <UniqueIdentifier>{03fceeb5-fd72-4246-b02d-5360130f2fe3}</UniqueIdentifier>
    </Filter>
    <Filter Include="Source\proto_src">
      <UniqueIdentifier>{02171f6d-1b53-43a4-93cf-0dba2e87636f}</UniqueIdentifier>
    </Filter>
    <Filter Include="Source\proto">
      <UniqueIdentifier>{648be68f-c4d1-402d-913e-a53d83494e09}</UniqueIdentifier>
    </Filter>
    <Filter Include="Library">
      <UniqueIdentifier>{c4d5b1db-bbf3-413a-80d6-0e14b6e9892d}</UniqueIdentifier>
    </Filter>
    <Filter Include="Library\x64">
      <UniqueIdentifier>{8bf3f348-2ecc-498e-abd3-a7408f62dc41}</UniqueIdentifier>
    </Filter>
    <Filter Include="Source\grpc">
      <UniqueIdentifier>{c986f47c-9585-4c22-9f57-61721410f710}</UniqueIdentifier>
    </Filter>
    <Filter Include="Library\x64\debug">
      <UniqueIdentifier>{efcb7dfa-96ec-42cb-8767-af31f32464bb}</UniqueIdentifier>
    </Filter>
    <Filter Include="Library\arm64">
      <UniqueIdentifier>{5784f1ec-d7a1-4be5-b877-3956dc40469d}</UniqueIdentifier>
    </Filter>
    <Filter Include="Library\arm64\debug">
      <UniqueIdentifier>{eebb8140-af65-4f55-b03e-ede732cf2f15}</UniqueIdentifier>
    </Filter>
    <Filter Include="Assets\helmsley_cached">
      <UniqueIdentifier>{9fcb058a-791d-4f7e-8ae6-4f9be1d10c2c}</UniqueIdentifier>
    </Filter>
    <Filter Include="Assets\helmsley_cached\Larry_Smarr_2016">
      <UniqueIdentifier>{1ace0f14-b2f7-4b8d-977a-9880cf328dc3}</UniqueIdentifier>
    </Filter>
    <Filter Include="Assets\helmsley_cached\Larry_Smarr_2016\series_23_Cor_LAVA_PRE-Amira">
      <UniqueIdentifier>{c85207f6-8f30-45e4-b472-6bdc78779548}</UniqueIdentifier>
    </Filter>
  </ItemGroup>
  <ItemGroup>
    <ClCompile Include="App.cpp" />
    <ClCompile Include="CoreWinMain.cpp" />
    <ClCompile Include="pch.cpp" />
    <ClCompile Include="..\..\Source\Common\DeviceResources.cpp">
      <Filter>Source\Common</Filter>
    </ClCompile>
    <ClCompile Include="..\..\Source\D3DPipeline\Texture.cpp">
      <Filter>Source\D3DPipeline</Filter>
    </ClCompile>
    <ClCompile Include="..\..\Source\Renderers\baseRenderer.cpp">
      <Filter>Source\Renderers</Filter>
    </ClCompile>
    <ClCompile Include="..\..\Source\Renderers\raycastVolumeRenderer.cpp">
      <Filter>Source\Renderers</Filter>
    </ClCompile>
    <ClCompile Include="..\..\Source\vrController.cpp">
      <Filter>Source</Filter>
    </ClCompile>
    <ClCompile Include="..\..\Source\Renderers\quadRenderer.cpp">
      <Filter>Source\Renderers</Filter>
    </ClCompile>
    <ClCompile Include="..\..\Source\Utils\dicomLoader.cpp">
      <Filter>Source\Utils</Filter>
    </ClCompile>
    <ClCompile Include="..\..\Source\proto\inspectorSync.pb.cc">
      <Filter>Source\proto</Filter>
    </ClCompile>
    <ClCompile Include="..\..\Source\proto\transManager.pb.cc">
      <Filter>Source\proto</Filter>
    </ClCompile>
    <ClCompile Include="..\..\Source\proto\common.pb.cc">
      <Filter>Source\proto</Filter>
    </ClCompile>
    <ClCompile Include="..\..\Source\grpc\rpcHandler.cpp">
      <Filter>Source\grpc</Filter>
    </ClCompile>
    <ClCompile Include="..\..\Source\proto\common.grpc.pb.cc">
      <Filter>Source\proto</Filter>
    </ClCompile>
    <ClCompile Include="..\..\Source\proto\inspectorSync.grpc.pb.cc">
      <Filter>Source\proto</Filter>
    </ClCompile>
    <ClCompile Include="..\..\Source\proto\transManager.grpc.pb.cc">
      <Filter>Source\proto</Filter>
    </ClCompile>
    <ClCompile Include="..\..\Source\Common\Manager.cpp">
      <Filter>Source\Common</Filter>
    </ClCompile>
    <ClCompile Include="..\..\Source\Renderers\FpsTextRenderer.cpp">
      <Filter>Source\Renderers</Filter>
    </ClCompile>
    <ClCompile Include="..\..\Source\Common\TextTexture.cpp">
      <Filter>Source\Common</Filter>
    </ClCompile>
    <ClCompile Include="..\..\Source\Renderers\textureBasedVolumeRenderer.cpp">
      <Filter>Source\Renderers</Filter>
    </ClCompile>
    <ClCompile Include="..\..\Source\Renderers\screenQuadRenderer.cpp">
      <Filter>Source\Renderers</Filter>
    </ClCompile>
    <ClCompile Include="..\..\Source\SceneObjs\cuttingPlane.cpp">
      <Filter>Source\SceneObjs</Filter>
    </ClCompile>
    <ClCompile Include="..\..\Source\Renderers\lineRenderer.cpp">
      <Filter>Source\Renderers</Filter>
    </ClCompile>
    <ClCompile Include="..\..\Source\Renderers\organMeshRenderer.cpp">
      <Filter>Source\Renderers</Filter>
    </ClCompile>
    <ClCompile Include="..\..\Source\proto\common.grpc.pb.cc">
      <Filter>Source\proto</Filter>
    </ClCompile>
    <ClCompile Include="..\..\Source\proto\common.pb.cc">
      <Filter>Source\proto</Filter>
    </ClCompile>
    <ClCompile Include="..\..\Source\proto\inspectorSync.grpc.pb.cc">
      <Filter>Source\proto</Filter>
    </ClCompile>
    <ClCompile Include="..\..\Source\proto\inspectorSync.pb.cc">
      <Filter>Source\proto</Filter>
    </ClCompile>
    <ClCompile Include="..\..\Source\proto\transManager.grpc.pb.cc">
      <Filter>Source\proto</Filter>
    </ClCompile>
    <ClCompile Include="..\..\Source\proto\transManager.pb.cc">
      <Filter>Source\proto</Filter>
    </ClCompile>
    <ClCompile Include="..\..\Source\grpc\rpcHandler.cpp">
      <Filter>Source\grpc</Filter>
    </ClCompile>
    <ClCompile Include="..\..\Source\Utils\uiController.cpp">
      <Filter>Source\Utils</Filter>
    </ClCompile>
    <ClCompile Include="..\..\Source\SceneObjs\dataVisualizer.cpp">
      <Filter>Source\SceneObjs</Filter>
    </ClCompile>
    <ClCompile Include="..\..\Source\Utils\dataManager.cpp">
      <Filter>Source\Utils</Filter>
    </ClCompile>
  </ItemGroup>
  <ItemGroup>
    <ClInclude Include="CoreWinMain.h" />
    <ClInclude Include="pch.h" />
    <ClInclude Include="..\..\Source\Common\DeviceResources.h">
      <Filter>Source\Common</Filter>
    </ClInclude>
    <ClInclude Include="..\..\Source\Common\DirectXHelper.h">
      <Filter>Source\Common</Filter>
    </ClInclude>
    <ClInclude Include="..\..\Source\Common\StepTimer.h">
      <Filter>Source\Common</Filter>
    </ClInclude>
    <ClInclude Include="..\..\Source\D3DPipeline\Primitive.h">
      <Filter>Source\D3DPipeline</Filter>
    </ClInclude>
    <ClInclude Include="..\..\Source\D3DPipeline\Texture.h">
      <Filter>Source\D3DPipeline</Filter>
    </ClInclude>
    <ClInclude Include="..\..\Source\Renderers\baseRenderer.h">
      <Filter>Source\Renderers</Filter>
    </ClInclude>
    <ClInclude Include="..\..\Source\Renderers\raycastVolumeRenderer.h">
      <Filter>Source\Renderers</Filter>
    </ClInclude>
    <ClInclude Include="..\..\Source\vrController.h">
      <Filter>Source</Filter>
    </ClInclude>
    <ClInclude Include="..\..\Source\Renderers\quadRenderer.h">
      <Filter>Source\Renderers</Filter>
    </ClInclude>
    <ClInclude Include="..\..\Source\Utils\dicomLoader.h">
      <Filter>Source\Utils</Filter>
    </ClInclude>
    <ClInclude Include="..\..\Source\Common\Manager.h">
      <Filter>Source\Common</Filter>
    </ClInclude>
    <ClInclude Include="..\..\Source\Common\ConstantAndStruct.h">
      <Filter>Source\Common</Filter>
    </ClInclude>
    <ClInclude Include="..\..\Source\D3DPipeline\Camera.h">
      <Filter>Source\D3DPipeline</Filter>
    </ClInclude>
    <ClInclude Include="..\..\Source\Utils\MathUtils.h">
      <Filter>Source\Utils</Filter>
    </ClInclude>
    <ClInclude Include="..\..\Source\proto\inspectorSync.pb.h">
      <Filter>Source\proto</Filter>
    </ClInclude>
    <ClInclude Include="..\..\Source\proto\transManager.pb.h">
      <Filter>Source\proto</Filter>
    </ClInclude>
    <ClInclude Include="..\..\Source\proto\common.pb.h">
      <Filter>Source\proto</Filter>
    </ClInclude>
    <ClInclude Include="..\..\Source\grpc\rpcHandler.h">
      <Filter>Source\grpc</Filter>
    </ClInclude>
    <ClInclude Include="..\..\Source\proto\common.grpc.pb.h">
      <Filter>Source\proto</Filter>
    </ClInclude>
    <ClInclude Include="..\..\Source\proto\inspectorSync.grpc.pb.h">
      <Filter>Source\proto</Filter>
    </ClInclude>
    <ClInclude Include="..\..\Source\proto\transManager.grpc.pb.h">
      <Filter>Source\proto</Filter>
    </ClInclude>
    <ClInclude Include="..\..\Source\Renderers\FpsTextRenderer.h">
      <Filter>Source\Renderers</Filter>
    </ClInclude>
    <ClInclude Include="..\..\Source\Common\TextTexture.h">
      <Filter>Source\Common</Filter>
    </ClInclude>
    <ClInclude Include="..\..\Source\Renderers\textureBasedVolumeRenderer.h">
      <Filter>Source\Renderers</Filter>
    </ClInclude>
    <ClInclude Include="..\..\Source\Renderers\screenQuadRenderer.h">
      <Filter>Source\Renderers</Filter>
    </ClInclude>
    <ClInclude Include="..\..\Source\SceneObjs\cuttingPlane.h">
      <Filter>Source\SceneObjs</Filter>
    </ClInclude>
    <ClInclude Include="..\..\Source\Utils\TypeConvertUtils.h">
      <Filter>Source\Utils</Filter>
    </ClInclude>
    <ClInclude Include="..\..\Source\Renderers\lineRenderer.h">
      <Filter>Source\Renderers</Filter>
    </ClInclude>
    <ClInclude Include="..\..\Source\Renderers\organMeshRenderer.h">
      <Filter>Source\Renderers</Filter>
    </ClInclude>
    <ClInclude Include="..\..\Source\proto\common.grpc.pb.h">
      <Filter>Source\proto</Filter>
    </ClInclude>
    <ClInclude Include="..\..\Source\proto\common.pb.h">
      <Filter>Source\proto</Filter>
    </ClInclude>
    <ClInclude Include="..\..\Source\proto\inspectorSync.grpc.pb.h">
      <Filter>Source\proto</Filter>
    </ClInclude>
    <ClInclude Include="..\..\Source\proto\inspectorSync.pb.h">
      <Filter>Source\proto</Filter>
    </ClInclude>
    <ClInclude Include="..\..\Source\proto\transManager.pb.h">
      <Filter>Source\proto</Filter>
    </ClInclude>
    <ClInclude Include="..\..\Source\proto\transManager.grpc.pb.h">
      <Filter>Source\proto</Filter>
    </ClInclude>
    <ClInclude Include="..\..\Source\grpc\rpcHandler.h">
      <Filter>Source\grpc</Filter>
    </ClInclude>
    <ClInclude Include="..\..\Source\Utils\uiController.h">
      <Filter>Source\Utils</Filter>
    </ClInclude>
    <ClInclude Include="..\..\Source\SceneObjs\dataVisualizer.h">
      <Filter>Source\SceneObjs</Filter>
    </ClInclude>
    <ClInclude Include="..\..\Source\Utils\dataManager.h">
      <Filter>Source\Utils</Filter>
    </ClInclude>
  </ItemGroup>
  <ItemGroup>
    <Image Include="Assets\StoreLogo.png">
      <Filter>Assets</Filter>
    </Image>
  </ItemGroup>
  <ItemGroup>
    <AppxManifest Include="Package.appxmanifest" />
  </ItemGroup>
  <ItemGroup>
    <FxCompile Include="..\..\Source\Shaders\NaiveComputeShader.hlsl">
      <Filter>Source\Shaders</Filter>
    </FxCompile>
    <FxCompile Include="..\..\Source\Shaders\raycastVertexShader.hlsl">
      <Filter>Source\Shaders</Filter>
    </FxCompile>
    <FxCompile Include="..\..\Source\Shaders\QuadPixelShader.hlsl">
      <Filter>Source\Shaders</Filter>
    </FxCompile>
    <FxCompile Include="..\..\Source\Shaders\QuadVertexShader.hlsl">
      <Filter>Source\Shaders</Filter>
    </FxCompile>
    <FxCompile Include="..\..\Source\Shaders\VolumeCompute.hlsl">
      <Filter>Source\Shaders</Filter>
    </FxCompile>
    <FxCompile Include="..\..\Source\Shaders\texbasedPixelShader.hlsl">
      <Filter>Source\Shaders</Filter>
    </FxCompile>
    <FxCompile Include="..\..\Source\Shaders\texbasedVertexShader.hlsl">
      <Filter>Source\Shaders</Filter>
    </FxCompile>
    <FxCompile Include="..\..\Source\Shaders\Naive2DTexVertexShader.hlsl">
      <Filter>Source\Shaders</Filter>
    </FxCompile>
    <FxCompile Include="..\..\Source\Shaders\NaiveColorPixelShader.hlsl">
      <Filter>Source\Shaders</Filter>
    </FxCompile>
    <FxCompile Include="..\..\Source\Shaders\MarchingCubeGeometryShader.hlsl">
      <Filter>Source\Shaders</Filter>
    </FxCompile>
    <FxCompile Include="..\..\Source\Shaders\mesh3DPixelShader.hlsl">
      <Filter>Source\Shaders</Filter>
    </FxCompile>
    <FxCompile Include="..\..\Source\Shaders\mesh3DVertexShader.hlsl">
      <Filter>Source\Shaders</Filter>
    </FxCompile>
    <FxCompile Include="..\..\Source\Shaders\Naive3DVertexShader.hlsl">
      <Filter>Source\Shaders</Filter>
    </FxCompile>
    <FxCompile Include="..\..\Source\Shaders\colorVizPixelShader.hlsl">
      <Filter>Source\Shaders</Filter>
    </FxCompile>
    <FxCompile Include="..\..\Source\Shaders\ClippedColorPixelShader.hlsl">
      <Filter>Source\Shaders</Filter>
    </FxCompile>
    <FxCompile Include="..\..\Source\Shaders\colorTransferCompute.hlsl">
      <Filter>Source\Shaders</Filter>
    </FxCompile>
    <FxCompile Include="..\..\Source\Shaders\raycastPixelShaderNaive.hlsl">
      <Filter>Source\Shaders</Filter>
    </FxCompile>
  </ItemGroup>
  <ItemGroup>
    <None Include="..\..\Source\proto_src\inspectorSync.proto">
      <Filter>Source\proto_src</Filter>
    </None>
    <None Include="..\..\Source\proto_src\transManager.proto">
      <Filter>Source\proto_src</Filter>
    </None>
    <None Include="..\..\Source\proto_src\common.proto">
      <Filter>Source\proto_src</Filter>
    </None>
    <None Include="..\..\Source\Shaders\StructAndConsts.hlsli">
      <Filter>Source\Shaders</Filter>
    </None>
  </ItemGroup>
  <ItemGroup>
    <CopyFileToFolders Include="..\..\Library\x64\debug\bin\abseil_dll.dll">
      <Filter>Library\x64\debug</Filter>
    </CopyFileToFolders>
    <CopyFileToFolders Include="..\..\Library\arm64\debug\bin\abseil_dll.dll">
      <Filter>Library\arm64\debug</Filter>
    </CopyFileToFolders>
    <CopyFileToFolders Include="..\..\Library\arm64\bin\abseil_dll.dll">
      <Filter>Library\arm64</Filter>
    </CopyFileToFolders>
    <CopyFileToFolders Include="..\..\Library\x64\bin\abseil_dll.dll">
      <Filter>Library\x64</Filter>
    </CopyFileToFolders>
    <CopyFileToFolders Include="..\..\Library\arm64\bin\libcrypto-1_1-arm64.dll">
      <Filter>Library\arm64</Filter>
    </CopyFileToFolders>
    <CopyFileToFolders Include="..\..\Library\arm64\debug\bin\libcrypto-1_1-arm64.dll">
      <Filter>Library\arm64\debug</Filter>
    </CopyFileToFolders>
    <CopyFileToFolders Include="..\..\Library\x64\debug\bin\libcrypto-1_1-x64.dll">
      <Filter>Library\x64\debug</Filter>
    </CopyFileToFolders>
    <CopyFileToFolders Include="..\..\Library\x64\bin\libcrypto-1_1-x64.dll">
      <Filter>Library\x64</Filter>
    </CopyFileToFolders>
    <CopyFileToFolders Include="..\..\Library\x64\debug\bin\libprotobufd.dll">
      <Filter>Library\x64\debug</Filter>
    </CopyFileToFolders>
    <CopyFileToFolders Include="..\..\Library\arm64\debug\bin\libprotobufd.dll">
      <Filter>Library\arm64\debug</Filter>
    </CopyFileToFolders>
    <CopyFileToFolders Include="..\..\Library\arm64\bin\libprotobuf.dll">
      <Filter>Library\arm64</Filter>
    </CopyFileToFolders>
    <CopyFileToFolders Include="..\..\Library\x64\bin\libprotobuf.dll">
      <Filter>Library\x64</Filter>
    </CopyFileToFolders>
    <CopyFileToFolders Include="..\..\Library\arm64\bin\libprotobuf-lite.dll">
      <Filter>Library\arm64</Filter>
    </CopyFileToFolders>
    <CopyFileToFolders Include="..\..\Library\x64\bin\libprotobuf-lite.dll">
      <Filter>Library\x64</Filter>
    </CopyFileToFolders>
    <CopyFileToFolders Include="..\..\Library\arm64\debug\bin\libprotobuf-lited.dll">
      <Filter>Library\arm64\debug</Filter>
    </CopyFileToFolders>
    <CopyFileToFolders Include="..\..\Library\x64\debug\bin\libprotobuf-lited.dll">
      <Filter>Library\x64\debug</Filter>
    </CopyFileToFolders>
    <CopyFileToFolders Include="..\..\Library\arm64\debug\bin\libssl-1_1-arm64.dll">
      <Filter>Library\arm64\debug</Filter>
    </CopyFileToFolders>
    <CopyFileToFolders Include="..\..\Library\arm64\bin\libssl-1_1-arm64.dll">
      <Filter>Library\arm64</Filter>
    </CopyFileToFolders>
    <CopyFileToFolders Include="..\..\Library\x64\debug\bin\libssl-1_1-x64.dll">
      <Filter>Library\x64\debug</Filter>
    </CopyFileToFolders>
    <CopyFileToFolders Include="..\..\Library\x64\bin\libssl-1_1-x64.dll">
      <Filter>Library\x64</Filter>
    </CopyFileToFolders>
    <CopyFileToFolders Include="..\..\Library\x64\debug\bin\re2.dll">
      <Filter>Library\x64\debug</Filter>
    </CopyFileToFolders>
    <CopyFileToFolders Include="..\..\Library\arm64\debug\bin\re2.dll">
      <Filter>Library\arm64\debug</Filter>
    </CopyFileToFolders>
    <CopyFileToFolders Include="..\..\Library\arm64\bin\re2.dll">
      <Filter>Library\arm64</Filter>
    </CopyFileToFolders>
    <CopyFileToFolders Include="..\..\Library\x64\bin\re2.dll">
      <Filter>Library\x64</Filter>
    </CopyFileToFolders>
    <CopyFileToFolders Include="..\..\Library\arm64\bin\zlib1.dll">
      <Filter>Library\arm64</Filter>
    </CopyFileToFolders>
    <CopyFileToFolders Include="..\..\Library\x64\bin\zlib1.dll">
      <Filter>Library\x64</Filter>
    </CopyFileToFolders>
    <CopyFileToFolders Include="..\..\Library\arm64\debug\bin\zlibd1.dll">
      <Filter>Library\arm64\debug</Filter>
    </CopyFileToFolders>
    <CopyFileToFolders Include="..\..\Library\x64\debug\bin\zlibd1.dll">
      <Filter>Library\x64\debug</Filter>
    </CopyFileToFolders>
  </ItemGroup>
  <ItemGroup>
    <None Include="packages.config" />
    <None Include="..\..\Source\proto_src\common.proto">
      <Filter>Source\proto_src</Filter>
    </None>
    <None Include="..\..\Source\proto_src\inspectorSync.proto">
      <Filter>Source\proto_src</Filter>
    </None>
    <None Include="..\..\Source\proto_src\transManager.proto">
      <Filter>Source\proto_src</Filter>
    </None>
    <None Include="Assets\helmsley_cached\Larry_Smarr_2016\series_23_Cor_LAVA_PRE-Amira\data">
      <Filter>Assets\helmsley_cached\Larry_Smarr_2016\series_23_Cor_LAVA_PRE-Amira</Filter>
    </None>
    <None Include="Assets\helmsley_cached\Larry_Smarr_2016\series_23_Cor_LAVA_PRE-Amira\mask">
      <Filter>Assets\helmsley_cached\Larry_Smarr_2016\series_23_Cor_LAVA_PRE-Amira</Filter>
    </None>
  </ItemGroup>
  <ItemGroup>
    <CopyFileToFolders Include="..\..\Library\x64\debug\bin\abseil_dll.dll">
      <Filter>Library\x64\debug</Filter>
    </CopyFileToFolders>
    <CopyFileToFolders Include="..\..\Library\arm64\debug\bin\abseil_dll.dll">
      <Filter>Library\arm64\debug</Filter>
    </CopyFileToFolders>
    <CopyFileToFolders Include="..\..\Library\arm64\bin\abseil_dll.dll">
      <Filter>Library\arm64</Filter>
    </CopyFileToFolders>
    <CopyFileToFolders Include="..\..\Library\x64\bin\abseil_dll.dll">
      <Filter>Library\x64</Filter>
    </CopyFileToFolders>
    <CopyFileToFolders Include="..\..\Library\arm64\bin\libcrypto-1_1-arm64.dll">
      <Filter>Library\arm64</Filter>
    </CopyFileToFolders>
    <CopyFileToFolders Include="..\..\Library\arm64\debug\bin\libcrypto-1_1-arm64.dll">
      <Filter>Library\arm64\debug</Filter>
    </CopyFileToFolders>
    <CopyFileToFolders Include="..\..\Library\x64\debug\bin\libcrypto-1_1-x64.dll">
      <Filter>Library\x64\debug</Filter>
    </CopyFileToFolders>
    <CopyFileToFolders Include="..\..\Library\x64\bin\libcrypto-1_1-x64.dll">
      <Filter>Library\x64</Filter>
    </CopyFileToFolders>
    <CopyFileToFolders Include="..\..\Library\x64\debug\bin\libprotobufd.dll">
      <Filter>Library\x64\debug</Filter>
    </CopyFileToFolders>
    <CopyFileToFolders Include="..\..\Library\arm64\debug\bin\libprotobufd.dll">
      <Filter>Library\arm64\debug</Filter>
    </CopyFileToFolders>
    <CopyFileToFolders Include="..\..\Library\arm64\bin\libprotobuf.dll">
      <Filter>Library\arm64</Filter>
    </CopyFileToFolders>
    <CopyFileToFolders Include="..\..\Library\x64\bin\libprotobuf.dll">
      <Filter>Library\x64</Filter>
    </CopyFileToFolders>
    <CopyFileToFolders Include="..\..\Library\arm64\bin\libprotobuf-lite.dll">
      <Filter>Library\arm64</Filter>
    </CopyFileToFolders>
    <CopyFileToFolders Include="..\..\Library\x64\bin\libprotobuf-lite.dll">
      <Filter>Library\x64</Filter>
    </CopyFileToFolders>
    <CopyFileToFolders Include="..\..\Library\arm64\debug\bin\libprotobuf-lited.dll">
      <Filter>Library\arm64\debug</Filter>
    </CopyFileToFolders>
    <CopyFileToFolders Include="..\..\Library\x64\debug\bin\libprotobuf-lited.dll">
      <Filter>Library\x64\debug</Filter>
    </CopyFileToFolders>
    <CopyFileToFolders Include="..\..\Library\arm64\debug\bin\libssl-1_1-arm64.dll">
      <Filter>Library\arm64\debug</Filter>
    </CopyFileToFolders>
    <CopyFileToFolders Include="..\..\Library\arm64\bin\libssl-1_1-arm64.dll">
      <Filter>Library\arm64</Filter>
    </CopyFileToFolders>
    <CopyFileToFolders Include="..\..\Library\x64\debug\bin\libssl-1_1-x64.dll">
      <Filter>Library\x64\debug</Filter>
    </CopyFileToFolders>
    <CopyFileToFolders Include="..\..\Library\x64\bin\libssl-1_1-x64.dll">
      <Filter>Library\x64</Filter>
    </CopyFileToFolders>
    <CopyFileToFolders Include="..\..\Library\x64\debug\bin\re2.dll">
      <Filter>Library\x64\debug</Filter>
    </CopyFileToFolders>
    <CopyFileToFolders Include="..\..\Library\arm64\debug\bin\re2.dll">
      <Filter>Library\arm64\debug</Filter>
    </CopyFileToFolders>
    <CopyFileToFolders Include="..\..\Library\arm64\bin\re2.dll">
      <Filter>Library\arm64</Filter>
    </CopyFileToFolders>
    <CopyFileToFolders Include="..\..\Library\x64\bin\re2.dll">
      <Filter>Library\x64</Filter>
    </CopyFileToFolders>
    <CopyFileToFolders Include="..\..\Library\arm64\bin\zlib1.dll">
      <Filter>Library\arm64</Filter>
    </CopyFileToFolders>
    <CopyFileToFolders Include="..\..\Library\x64\bin\zlib1.dll">
      <Filter>Library\x64</Filter>
    </CopyFileToFolders>
    <CopyFileToFolders Include="..\..\Library\arm64\debug\bin\zlibd1.dll">
      <Filter>Library\arm64\debug</Filter>
    </CopyFileToFolders>
    <CopyFileToFolders Include="..\..\Library\x64\debug\bin\zlibd1.dll">
      <Filter>Library\x64\debug</Filter>
    </CopyFileToFolders>
  </ItemGroup>
  <ItemGroup>
    <Text Include="Assets\helmsley_cached\pacs_local.txt">
      <Filter>Assets\helmsley_cached</Filter>
    </Text>
  </ItemGroup>
</Project>