<?xml version="1.0" encoding="utf-8"?>
<Project ToolsVersion="4.0" xmlns="http://schemas.microsoft.com/developer/msbuild/2003">
  <ItemGroup>
    <Filter Include="Assets">
      <UniqueIdentifier>555600e7-92ea-46c8-82ca-7966954b4f8e</UniqueIdentifier>
      <Extensions>bmp;fbx;gif;jpg;jpeg;tga;tiff;tif;png</Extensions>
    </Filter>
    <Image Include="Assets\LockScreenLogo.scale-200.png">
      <Filter>Assets</Filter>
    </Image>
    <Image Include="Assets\SplashScreen.scale-200.png">
      <Filter>Assets</Filter>
    </Image>
    <Image Include="Assets\Square150x150Logo.scale-200.png">
      <Filter>Assets</Filter>
    </Image>
    <Image Include="Assets\Square44x44Logo.scale-200.png">
      <Filter>Assets</Filter>
    </Image>
    <Image Include="Assets\Square44x44Logo.targetsize-24_altform-unplated.png">
      <Filter>Assets</Filter>
    </Image>
    <Image Include="Assets\Wide310x150Logo.scale-200.png">
      <Filter>Assets</Filter>
    </Image>
    <Filter Include="Source">
      <UniqueIdentifier>{92b4c32f-ce9e-41f6-adf6-4b9b7243af56}</UniqueIdentifier>
    </Filter>
    <Filter Include="Source\Common">
      <UniqueIdentifier>{58e7692d-1dff-4c28-9f02-911207ae5dca}</UniqueIdentifier>
    </Filter>
    <Filter Include="Source\Contents">
      <UniqueIdentifier>{39ff42aa-e37f-4d6f-9cd7-f85e9515aade}</UniqueIdentifier>
    </Filter>
    <Filter Include="Source\D3DPipeline">
      <UniqueIdentifier>{f395c6dc-f019-412e-b67e-8e627b3ed861}</UniqueIdentifier>
    </Filter>
    <Filter Include="Source\Shaders">
      <UniqueIdentifier>{3c0abe22-a062-4e9e-8f54-0a47d4712508}</UniqueIdentifier>
    </Filter>
    <Filter Include="Source\Renderers">
      <UniqueIdentifier>{55a5d8db-a373-4327-823a-4d9566934af7}</UniqueIdentifier>
    </Filter>
  </ItemGroup>
  <ItemGroup>
    <ClCompile Include="App.cpp" />
    <ClCompile Include="CoreWinMain.cpp" />
    <ClCompile Include="pch.cpp" />
    <ClCompile Include="..\..\Source\Common\DeviceResources.cpp">
      <Filter>Source\Common</Filter>
    </ClCompile>
    <ClCompile Include="..\..\Source\Content\Sample3DSceneRenderer.cpp">
      <Filter>Source\Contents</Filter>
    </ClCompile>
    <ClCompile Include="..\..\Source\Content\SampleFpsTextRenderer.cpp">
      <Filter>Source\Contents</Filter>
    </ClCompile>
    <ClCompile Include="..\..\Source\D3DPipeline\Texture.cpp">
      <Filter>Source\D3DPipeline</Filter>
    </ClCompile>
    <ClCompile Include="..\..\Source\Content\quadRenderer.cpp">
      <Filter>Source\Contents</Filter>
    </ClCompile>
    <ClCompile Include="..\..\Source\Renderers\baseRenderer.cpp">
      <Filter>Source\Renderers</Filter>
    </ClCompile>
  </ItemGroup>
  <ItemGroup>
    <ClInclude Include="App.h" />
    <ClInclude Include="CoreWinMain.h" />
    <ClInclude Include="pch.h" />
    <ClInclude Include="..\..\Source\Common\DeviceResources.h">
      <Filter>Source\Common</Filter>
    </ClInclude>
    <ClInclude Include="..\..\Source\Common\DirectXHelper.h">
      <Filter>Source\Common</Filter>
    </ClInclude>
    <ClInclude Include="..\..\Source\Common\StepTimer.h">
      <Filter>Source\Common</Filter>
    </ClInclude>
    <ClInclude Include="..\..\Source\Content\Sample3DSceneRenderer.h">
      <Filter>Source\Contents</Filter>
    </ClInclude>
    <ClInclude Include="..\..\Source\Content\SampleFpsTextRenderer.h">
      <Filter>Source\Contents</Filter>
    </ClInclude>
    <ClInclude Include="..\..\Source\Content\ShaderStructures.h">
      <Filter>Source\Contents</Filter>
    </ClInclude>
    <ClInclude Include="..\..\Source\D3DPipeline\Primitive.h">
      <Filter>Source\D3DPipeline</Filter>
    </ClInclude>
    <ClInclude Include="..\..\Source\D3DPipeline\Texture.h">
      <Filter>Source\D3DPipeline</Filter>
    </ClInclude>
    <ClInclude Include="..\..\Source\Content\quadRenderer.h">
      <Filter>Source\Contents</Filter>
    </ClInclude>
    <ClInclude Include="..\..\Source\Renderers\baseRenderer.h">
      <Filter>Source\Renderers</Filter>
    </ClInclude>
  </ItemGroup>
  <ItemGroup>
    <Image Include="Assets\StoreLogo.png">
      <Filter>Assets</Filter>
    </Image>
  </ItemGroup>
  <ItemGroup>
    <AppxManifest Include="Package.appxmanifest" />
  </ItemGroup>
  <ItemGroup>
    <FxCompile Include="..\..\Source\Content\SamplePixelShader.hlsl">
      <Filter>Source\Contents</Filter>
    </FxCompile>
    <FxCompile Include="..\..\Source\Content\SampleVertexShader.hlsl">
      <Filter>Source\Contents</Filter>
    </FxCompile>
    <FxCompile Include="..\..\Source\Content\QuadPixelShader.hlsl">
      <Filter>Source\Contents</Filter>
    </FxCompile>
    <FxCompile Include="..\..\Source\Content\QuadVertexShader.hlsl">
      <Filter>Source\Contents</Filter>
    </FxCompile>
    <FxCompile Include="..\..\Source\Shaders\NaiveComputeShader.hlsl">
      <Filter>Source\Shaders</Filter>
    </FxCompile>
    <FxCompile Include="..\..\Source\Shaders\raycastPixelShader.hlsl">
      <Filter>Source\Shaders</Filter>
    </FxCompile>
    <FxCompile Include="..\..\Source\Shaders\raycastVertexShader.hlsl">
      <Filter>Source\Shaders</Filter>
    </FxCompile>
  </ItemGroup>
</Project>