<?xml version="1.0" encoding="utf-8"?>
<Project ToolsVersion="4.0" xmlns="http://schemas.microsoft.com/developer/msbuild/2003">
  <ItemGroup>
    <Filter Include="Assets">
      <UniqueIdentifier>555600e7-92ea-46c8-82ca-7966954b4f8e</UniqueIdentifier>
      <Extensions>bmp;fbx;gif;jpg;jpeg;tga;tiff;tif;png</Extensions>
    </Filter>
    <Image Include="Assets\LockScreenLogo.scale-200.png">
      <Filter>Assets</Filter>
    </Image>
    <Image Include="Assets\SplashScreen.scale-200.png">
      <Filter>Assets</Filter>
    </Image>
    <Image Include="Assets\Square150x150Logo.scale-200.png">
      <Filter>Assets</Filter>
    </Image>
    <Image Include="Assets\Square44x44Logo.scale-200.png">
      <Filter>Assets</Filter>
    </Image>
    <Image Include="Assets\Square44x44Logo.targetsize-24_altform-unplated.png">
      <Filter>Assets</Filter>
    </Image>
    <Image Include="Assets\Wide310x150Logo.scale-200.png">
      <Filter>Assets</Filter>
    </Image>
    <Filter Include="Source">
      <UniqueIdentifier>{92b4c32f-ce9e-41f6-adf6-4b9b7243af56}</UniqueIdentifier>
    </Filter>
    <Filter Include="Source\Common">
      <UniqueIdentifier>{58e7692d-1dff-4c28-9f02-911207ae5dca}</UniqueIdentifier>
    </Filter>
    <Filter Include="Source\D3DPipeline">
      <UniqueIdentifier>{f395c6dc-f019-412e-b67e-8e627b3ed861}</UniqueIdentifier>
    </Filter>
    <Filter Include="Source\Shaders">
      <UniqueIdentifier>{3c0abe22-a062-4e9e-8f54-0a47d4712508}</UniqueIdentifier>
    </Filter>
    <Filter Include="Source\Renderers">
      <UniqueIdentifier>{55a5d8db-a373-4327-823a-4d9566934af7}</UniqueIdentifier>
    </Filter>
    <Filter Include="Source\Utils">
      <UniqueIdentifier>{61ac4094-c18c-4a47-910b-b3db374efb77}</UniqueIdentifier>
    </Filter>
    <Filter Include="Assets\dicom-data">
      <UniqueIdentifier>{497261e0-5ef3-46e2-8bc5-8f4640207403}</UniqueIdentifier>
    </Filter>
    <Filter Include="Assets\dicom-data\Larry_Smarr_2016">
      <UniqueIdentifier>{bd3222b7-f98f-48be-b10d-44d0af478e92}</UniqueIdentifier>
    </Filter>
    <Filter Include="Assets\dicom-data\Larry_Smarr_2016\series_23_Cor_LAVA_PRE-Amira">
      <UniqueIdentifier>{05327bab-dc6c-4792-b98f-39853a145765}</UniqueIdentifier>
    </Filter>
  </ItemGroup>
  <ItemGroup>
    <ClCompile Include="App.cpp" />
    <ClCompile Include="CoreWinMain.cpp" />
    <ClCompile Include="pch.cpp" />
    <ClCompile Include="..\..\Source\Common\DeviceResources.cpp">
      <Filter>Source\Common</Filter>
    </ClCompile>
    <ClCompile Include="..\..\Source\D3DPipeline\Texture.cpp">
      <Filter>Source\D3DPipeline</Filter>
    </ClCompile>
    <ClCompile Include="..\..\Source\Renderers\baseRenderer.cpp">
      <Filter>Source\Renderers</Filter>
    </ClCompile>
    <ClCompile Include="..\..\Source\Renderers\raycastVolumeRenderer.cpp">
      <Filter>Source\Renderers</Filter>
    </ClCompile>
    <ClCompile Include="..\..\Source\vrController.cpp">
      <Filter>Source</Filter>
    </ClCompile>
    <ClCompile Include="..\..\Source\Renderers\quadRenderer.cpp">
      <Filter>Source\Renderers</Filter>
    </ClCompile>
    <ClCompile Include="..\..\Source\Utils\dicomLoader.cpp">
      <Filter>Source\Utils</Filter>
    </ClCompile>
    <ClCompile Include="..\..\Source\Common\Manager.cpp">
      <Filter>Source\Common</Filter>
    </ClCompile>
    <ClCompile Include="..\..\Source\Renderers\FpsTextRenderer.cpp">
      <Filter>Source\Renderers</Filter>
    </ClCompile>
    <ClCompile Include="..\..\Source\Common\TextTexture.cpp">
      <Filter>Source\Common</Filter>
    </ClCompile>
    <ClCompile Include="..\..\Source\Renderers\textureBasedVolumeRenderer.cpp">
      <Filter>Source\Renderers</Filter>
    </ClCompile>
    <ClCompile Include="..\..\Source\Renderers\screenQuadRenderer.cpp">
      <Filter>Source\Renderers</Filter>
    </ClCompile>
  </ItemGroup>
  <ItemGroup>
    <ClInclude Include="App.h" />
    <ClInclude Include="CoreWinMain.h" />
    <ClInclude Include="pch.h" />
    <ClInclude Include="..\..\Source\Common\DeviceResources.h">
      <Filter>Source\Common</Filter>
    </ClInclude>
    <ClInclude Include="..\..\Source\Common\DirectXHelper.h">
      <Filter>Source\Common</Filter>
    </ClInclude>
    <ClInclude Include="..\..\Source\Common\StepTimer.h">
      <Filter>Source\Common</Filter>
    </ClInclude>
    <ClInclude Include="..\..\Source\D3DPipeline\Primitive.h">
      <Filter>Source\D3DPipeline</Filter>
    </ClInclude>
    <ClInclude Include="..\..\Source\D3DPipeline\Texture.h">
      <Filter>Source\D3DPipeline</Filter>
    </ClInclude>
    <ClInclude Include="..\..\Source\Renderers\baseRenderer.h">
      <Filter>Source\Renderers</Filter>
    </ClInclude>
    <ClInclude Include="..\..\Source\Renderers\raycastVolumeRenderer.h">
      <Filter>Source\Renderers</Filter>
    </ClInclude>
    <ClInclude Include="..\..\Source\vrController.h">
      <Filter>Source</Filter>
    </ClInclude>
    <ClInclude Include="..\..\Source\Renderers\quadRenderer.h">
      <Filter>Source\Renderers</Filter>
    </ClInclude>
    <ClInclude Include="..\..\Source\Utils\dicomLoader.h">
      <Filter>Source\Utils</Filter>
    </ClInclude>
    <ClInclude Include="..\..\Source\Common\Manager.h">
      <Filter>Source\Common</Filter>
    </ClInclude>
    <ClInclude Include="..\..\Source\Common\ConstantAndStruct.h">
      <Filter>Source\Common</Filter>
    </ClInclude>
    <ClInclude Include="..\..\Source\D3DPipeline\Camera.h">
      <Filter>Source\D3DPipeline</Filter>
    </ClInclude>
    <ClInclude Include="..\..\Source\Utils\MathUtils.h">
      <Filter>Source\Utils</Filter>
    </ClInclude>
    <ClInclude Include="..\..\Source\Renderers\FpsTextRenderer.h">
      <Filter>Source\Renderers</Filter>
    </ClInclude>
    <ClInclude Include="..\..\Source\Common\TextTexture.h">
      <Filter>Source\Common</Filter>
    </ClInclude>
    <ClInclude Include="..\..\Source\Renderers\textureBasedVolumeRenderer.h">
      <Filter>Source\Renderers</Filter>
    </ClInclude>
    <ClInclude Include="..\..\Source\Renderers\screenQuadRenderer.h">
      <Filter>Source\Renderers</Filter>
    </ClInclude>
  </ItemGroup>
  <ItemGroup>
    <Image Include="Assets\StoreLogo.png">
      <Filter>Assets</Filter>
    </Image>
  </ItemGroup>
  <ItemGroup>
    <AppxManifest Include="Package.appxmanifest" />
  </ItemGroup>
  <ItemGroup>
    <FxCompile Include="..\..\Source\Shaders\NaiveComputeShader.hlsl">
      <Filter>Source\Shaders</Filter>
    </FxCompile>
    <FxCompile Include="..\..\Source\Shaders\raycastPixelShader.hlsl">
      <Filter>Source\Shaders</Filter>
    </FxCompile>
    <FxCompile Include="..\..\Source\Shaders\raycastVertexShader.hlsl">
      <Filter>Source\Shaders</Filter>
    </FxCompile>
    <FxCompile Include="..\..\Source\Shaders\QuadPixelShader.hlsl">
      <Filter>Source\Shaders</Filter>
    </FxCompile>
    <FxCompile Include="..\..\Source\Shaders\QuadVertexShader.hlsl">
      <Filter>Source\Shaders</Filter>
    </FxCompile>
    <FxCompile Include="..\..\Source\Shaders\VolumeCompute.hlsl">
      <Filter>Source\Shaders</Filter>
    </FxCompile>
    <FxCompile Include="..\..\Source\Shaders\texbasedPixelShader.hlsl">
      <Filter>Source\Shaders</Filter>
    </FxCompile>
    <FxCompile Include="..\..\Source\Shaders\texbasedVertexShader.hlsl">
      <Filter>Source\Shaders</Filter>
    </FxCompile>
    <FxCompile Include="..\..\Source\Shaders\Naive2DTexVertexShader.hlsl">
      <Filter>Source\Shaders</Filter>
    </FxCompile>
  </ItemGroup>
  <ItemGroup>
    <None Include="Assets\dicom-data\Larry_Smarr_2016\series_23_Cor_LAVA_PRE-Amira\data">
      <Filter>Assets\dicom-data\Larry_Smarr_2016\series_23_Cor_LAVA_PRE-Amira</Filter>
    </None>
    <None Include="Assets\dicom-data\Larry_Smarr_2016\series_23_Cor_LAVA_PRE-Amira\mask">
      <Filter>Assets\dicom-data\Larry_Smarr_2016\series_23_Cor_LAVA_PRE-Amira</Filter>
    </None>
  </ItemGroup>
</Project>