<?xml version="1.0" encoding="utf-8"?>
<Project ToolsVersion="4.0" xmlns="http://schemas.microsoft.com/developer/msbuild/2003">
  <ItemGroup>
    <Filter Include="Assets">
      <UniqueIdentifier>adf15f30-0cf3-421d-b102-bf833e3f6cc0</UniqueIdentifier>
      <Extensions>bmp;fbx;gif;jpg;jpeg;tga;tiff;tif;png</Extensions>
    </Filter>
    <Image Include="Assets\LockScreenLogo.scale-200.png">
      <Filter>Assets</Filter>
    </Image>
    <Image Include="Assets\SplashScreen.scale-200.png">
      <Filter>Assets</Filter>
    </Image>
    <Image Include="Assets\Square150x150Logo.scale-200.png">
      <Filter>Assets</Filter>
    </Image>
    <Image Include="Assets\Square44x44Logo.scale-200.png">
      <Filter>Assets</Filter>
    </Image>
    <Image Include="Assets\Square44x44Logo.targetsize-24_altform-unplated.png">
      <Filter>Assets</Filter>
    </Image>
    <Image Include="Assets\Wide310x150Logo.scale-200.png">
      <Filter>Assets</Filter>
    </Image>
    <Filter Include="Source">
      <UniqueIdentifier>{96008757-c4e8-4538-9995-f0f82998f1c2}</UniqueIdentifier>
    </Filter>
    <Filter Include="Source\Common">
      <UniqueIdentifier>{50dcc535-3873-4390-8799-ffd8251bd7b9}</UniqueIdentifier>
    </Filter>
    <Filter Include="Source\Contents">
      <UniqueIdentifier>{180b36ba-0cbf-43b3-ae5a-672abd927dd6}</UniqueIdentifier>
    </Filter>
    <Filter Include="Source\OXRs">
      <UniqueIdentifier>{6f0a2af9-cf4d-4de6-981d-59c0fb9412c3}</UniqueIdentifier>
    </Filter>
    <Filter Include="Source\D3DPipeline">
      <UniqueIdentifier>{978993e8-acf6-4afd-b20b-7c50237b595d}</UniqueIdentifier>
    </Filter>
    <Filter Include="Source\Shaders">
      <UniqueIdentifier>{2ababefe-ce79-4420-beaf-cb0a0c825c9f}</UniqueIdentifier>
    </Filter>
    <Filter Include="Source\Renderers">
      <UniqueIdentifier>{9a7c7c64-f15d-487c-839f-5a85ebff2e41}</UniqueIdentifier>
    </Filter>
  </ItemGroup>
  <ItemGroup>
    <ClCompile Include="App.cpp" />
    <ClCompile Include="OpenXRMain.cpp" />
    <ClCompile Include="pch.cpp" />
    <ClCompile Include="..\..\Source\Common\DeviceResources.cpp">
      <Filter>Source\Common</Filter>
    </ClCompile>
    <ClCompile Include="..\..\Source\Content\Sample3DSceneRenderer.cpp">
      <Filter>Source\Contents</Filter>
    </ClCompile>
    <ClCompile Include="..\..\Source\Content\SampleFpsTextRenderer.cpp">
      <Filter>Source\Contents</Filter>
    </ClCompile>
    <ClCompile Include="..\..\Source\OXRs\OXRManager.cpp">
      <Filter>Source\OXRs</Filter>
    </ClCompile>
    <ClCompile Include="..\..\Source\D3DPipeline\RenderTexture.cpp">
      <Filter>Source\D3DPipeline</Filter>
    </ClCompile>
    <ClCompile Include="..\..\Source\D3DPipeline\Texture.cpp">
      <Filter>Source\D3DPipeline</Filter>
    </ClCompile>
    <ClCompile Include="..\..\Source\Content\quadRenderer.cpp">
      <Filter>Source\Contents</Filter>
    </ClCompile>
    <ClCompile Include="..\..\Source\Renderers\baseRenderer.cpp">
      <Filter>Source\Renderers</Filter>
    </ClCompile>
  </ItemGroup>
  <ItemGroup>
    <ClInclude Include="App.h" />
    <ClInclude Include="OpenXRMain.h" />
    <ClInclude Include="pch.h" />
    <ClInclude Include="..\..\Source\Common\DeviceResources.h">
      <Filter>Source\Common</Filter>
    </ClInclude>
    <ClInclude Include="..\..\Source\Common\DirectXHelper.h">
      <Filter>Source\Common</Filter>
    </ClInclude>
    <ClInclude Include="..\..\Source\Common\StepTimer.h">
      <Filter>Source\Common</Filter>
    </ClInclude>
    <ClInclude Include="..\..\Source\Content\Sample3DSceneRenderer.h">
      <Filter>Source\Contents</Filter>
    </ClInclude>
    <ClInclude Include="..\..\Source\Content\SampleFpsTextRenderer.h">
      <Filter>Source\Contents</Filter>
    </ClInclude>
    <ClInclude Include="..\..\Source\Content\ShaderStructures.h">
      <Filter>Source\Contents</Filter>
    </ClInclude>
    <ClInclude Include="..\..\Source\OXRs\OXRManager.h">
      <Filter>Source\OXRs</Filter>
    </ClInclude>
    <ClInclude Include="..\..\Source\D3DPipeline\Primitive.h">
      <Filter>Source\D3DPipeline</Filter>
    </ClInclude>
    <ClInclude Include="..\..\Source\D3DPipeline\RenderTexture.h">
      <Filter>Source\D3DPipeline</Filter>
    </ClInclude>
    <ClInclude Include="..\..\Source\D3DPipeline\Texture.h">
      <Filter>Source\D3DPipeline</Filter>
    </ClInclude>
    <ClInclude Include="..\..\Source\Content\quadRenderer.h">
      <Filter>Source\Contents</Filter>
    </ClInclude>
    <ClInclude Include="..\..\Source\Renderers\baseRenderer.h">
      <Filter>Source\Renderers</Filter>
    </ClInclude>
  </ItemGroup>
  <ItemGroup>
    <Image Include="Assets\StoreLogo.png">
      <Filter>Assets</Filter>
    </Image>
  </ItemGroup>
  <ItemGroup>
    <AppxManifest Include="Package.appxmanifest" />
  </ItemGroup>
  <ItemGroup>
    <None Include="packages.config" />
    <None Include="$(OpenXRLoaderBinaryRoot)\bin\openxr_loader.dll" />
  </ItemGroup>
  <ItemGroup>
    <FxCompile Include="..\..\Source\Content\SamplePixelShader.hlsl">
      <Filter>Source\Contents</Filter>
    </FxCompile>
    <FxCompile Include="..\..\Source\Content\SampleVertexShader.hlsl">
      <Filter>Source\Contents</Filter>
    </FxCompile>
    <FxCompile Include="..\..\Source\Content\QuadPixelShader.hlsl">
      <Filter>Source\Contents</Filter>
    </FxCompile>
    <FxCompile Include="..\..\Source\Content\QuadVertexShader.hlsl">
      <Filter>Source\Contents</Filter>
    </FxCompile>
    <FxCompile Include="..\..\Source\Shaders\NaiveComputeShader.hlsl">
      <Filter>Source\Shaders</Filter>
    </FxCompile>
  </ItemGroup>
</Project>