<?xml version="1.0" encoding="utf-8"?>
<Project ToolsVersion="4.0" xmlns="http://schemas.microsoft.com/developer/msbuild/2003">
  <ItemGroup>
    <Filter Include="Assets">
      <UniqueIdentifier>adf15f30-0cf3-421d-b102-bf833e3f6cc0</UniqueIdentifier>
      <Extensions>bmp;fbx;gif;jpg;jpeg;tga;tiff;tif;png</Extensions>
    </Filter>
    <Image Include="Assets\LockScreenLogo.scale-200.png">
      <Filter>Assets</Filter>
    </Image>
    <Image Include="Assets\SplashScreen.scale-200.png">
      <Filter>Assets</Filter>
    </Image>
    <Image Include="Assets\Square150x150Logo.scale-200.png">
      <Filter>Assets</Filter>
    </Image>
    <Image Include="Assets\Square44x44Logo.scale-200.png">
      <Filter>Assets</Filter>
    </Image>
    <Image Include="Assets\Square44x44Logo.targetsize-24_altform-unplated.png">
      <Filter>Assets</Filter>
    </Image>
    <Image Include="Assets\Wide310x150Logo.scale-200.png">
      <Filter>Assets</Filter>
    </Image>
    <Filter Include="Source">
      <UniqueIdentifier>{96008757-c4e8-4538-9995-f0f82998f1c2}</UniqueIdentifier>
    </Filter>
    <Filter Include="Source\Common">
      <UniqueIdentifier>{50dcc535-3873-4390-8799-ffd8251bd7b9}</UniqueIdentifier>
    </Filter>
    <Filter Include="Source\OXRs">
      <UniqueIdentifier>{6f0a2af9-cf4d-4de6-981d-59c0fb9412c3}</UniqueIdentifier>
    </Filter>
    <Filter Include="Source\D3DPipeline">
      <UniqueIdentifier>{978993e8-acf6-4afd-b20b-7c50237b595d}</UniqueIdentifier>
    </Filter>
    <Filter Include="Source\Shaders">
      <UniqueIdentifier>{2ababefe-ce79-4420-beaf-cb0a0c825c9f}</UniqueIdentifier>
    </Filter>
    <Filter Include="Source\Renderers">
      <UniqueIdentifier>{9a7c7c64-f15d-487c-839f-5a85ebff2e41}</UniqueIdentifier>
    </Filter>
    <Filter Include="Source\Utils">
      <UniqueIdentifier>{9b6d6c2a-afa4-4ca6-854e-82042768a0da}</UniqueIdentifier>
    </Filter>
    <Filter Include="Source\proto">
      <UniqueIdentifier>{d97b8935-b188-4be7-9914-47fb00bb2670}</UniqueIdentifier>
    </Filter>
    <Filter Include="Source\proto_src">
      <UniqueIdentifier>{0841da0e-38be-4f59-bc3d-9aff909e98d9}</UniqueIdentifier>
    </Filter>
    <Filter Include="Source\grpc">
      <UniqueIdentifier>{a56aa1f1-1b18-4c73-9f72-5caed3c5fe30}</UniqueIdentifier>
    </Filter>
    <Filter Include="Library">
      <UniqueIdentifier>{33c03ba3-e6bb-4c45-86e0-2e8516024424}</UniqueIdentifier>
    </Filter>
    <Filter Include="Library\x64">
      <UniqueIdentifier>{bcf81333-1c86-4115-92a3-6284ac21aa05}</UniqueIdentifier>
    </Filter>
    <Filter Include="Library\x64\debug">
      <UniqueIdentifier>{5c7ce628-5ea9-4886-b219-d4216aa2e73e}</UniqueIdentifier>
    </Filter>
    <Filter Include="Library\arm64">
      <UniqueIdentifier>{bdc4e6da-bb34-43d1-ba3b-2ed2d96386ea}</UniqueIdentifier>
    </Filter>
    <Filter Include="Library\arm64\debug">
      <UniqueIdentifier>{ec0107f7-4242-47ef-bc42-ab1a788573c8}</UniqueIdentifier>
    </Filter>
    <Filter Include="Source\SceneObjs">
      <UniqueIdentifier>{65290514-d3a2-48ab-a1eb-0f237314ba51}</UniqueIdentifier>
    </Filter>
    <Filter Include="Source\proto">
      <UniqueIdentifier>{d97b8935-b188-4be7-9914-47fb00bb2670}</UniqueIdentifier>
    </Filter>
    <Filter Include="Source\proto_src">
      <UniqueIdentifier>{0841da0e-38be-4f59-bc3d-9aff909e98d9}</UniqueIdentifier>
    </Filter>
    <Filter Include="Source\grpc">
      <UniqueIdentifier>{a56aa1f1-1b18-4c73-9f72-5caed3c5fe30}</UniqueIdentifier>
    </Filter>
    <Filter Include="Library">
      <UniqueIdentifier>{33c03ba3-e6bb-4c45-86e0-2e8516024424}</UniqueIdentifier>
    </Filter>
    <Filter Include="Library\x64">
      <UniqueIdentifier>{bcf81333-1c86-4115-92a3-6284ac21aa05}</UniqueIdentifier>
    </Filter>
    <Filter Include="Library\x64\debug">
      <UniqueIdentifier>{5c7ce628-5ea9-4886-b219-d4216aa2e73e}</UniqueIdentifier>
    </Filter>
    <Filter Include="Library\arm64">
      <UniqueIdentifier>{bdc4e6da-bb34-43d1-ba3b-2ed2d96386ea}</UniqueIdentifier>
    </Filter>
    <Filter Include="Library\arm64\debug">
      <UniqueIdentifier>{ec0107f7-4242-47ef-bc42-ab1a788573c8}</UniqueIdentifier>
    </Filter>
    <Filter Include="Assets\helmsley_cached">
      <UniqueIdentifier>{39e17afe-9026-4b5c-ab81-7b092d602de3}</UniqueIdentifier>
    </Filter>
    <Filter Include="Assets\helmsley_cached\Larry_Smarr_2016">
      <UniqueIdentifier>{23835130-672c-4103-8cd0-87fb1176a912}</UniqueIdentifier>
    </Filter>
    <Filter Include="Assets\helmsley_cached\Larry_Smarr_2016\series_23_Cor_LAVA_PRE-Amira">
      <UniqueIdentifier>{8154b040-7503-4f79-bfe9-f03332ef34ca}</UniqueIdentifier>
    </Filter>
    <Filter Include="Source\ResearchModeApi">
      <UniqueIdentifier>{54f49612-96f6-42e4-8265-8450f5d40908}</UniqueIdentifier>
    </Filter>
    <Filter Include="Source\OXRs\OXRRenderer">
      <UniqueIdentifier>{92b76414-d4ed-47fd-9bf0-8f95b856e3f1}</UniqueIdentifier>
    </Filter>
    <Filter Include="Source\OXRs\XrUtility">
      <UniqueIdentifier>{83cfd24d-84e6-4cea-bee3-c159160d6270}</UniqueIdentifier>
    </Filter>
    <Filter Include="Source\OXRs\DxCommon">
      <UniqueIdentifier>{399003a4-3c48-4b3d-afeb-771c07e946b2}</UniqueIdentifier>
    </Filter>
    <Filter Include="Source\OXRs\XrSceneLib">
      <UniqueIdentifier>{8dbd3936-7eab-4759-ad63-22e1d9a50c88}</UniqueIdentifier>
    </Filter>
    <Filter Include="Source\OXRs\XrScenarios">
      <UniqueIdentifier>{26614fb7-246a-4dbf-bead-5c684d20190c}</UniqueIdentifier>
    </Filter>
    <Filter Include="Assets\textures">
      <UniqueIdentifier>{260634ba-cd5c-4dcc-b0d2-32e4a4d35050}</UniqueIdentifier>
    </Filter>
  </ItemGroup>
  <ItemGroup>
    <ClCompile Include="App.cpp" />
    <ClCompile Include="pch.cpp" />
    <ClCompile Include="..\..\Source\Common\DeviceResources.cpp">
      <Filter>Source\Common</Filter>
    </ClCompile>
    <ClCompile Include="..\..\Source\OXRs\OXRManager.cpp">
      <Filter>Source\OXRs</Filter>
    </ClCompile>
    <ClCompile Include="..\..\Source\D3DPipeline\Texture.cpp">
      <Filter>Source\D3DPipeline</Filter>
    </ClCompile>
    <ClCompile Include="..\..\Source\Renderers\baseRenderer.cpp">
      <Filter>Source\Renderers</Filter>
    </ClCompile>
    <ClCompile Include="..\..\Source\Renderers\quadRenderer.cpp">
      <Filter>Source\Renderers</Filter>
    </ClCompile>
    <ClCompile Include="..\..\Source\Renderers\raycastVolumeRenderer.cpp">
      <Filter>Source\Renderers</Filter>
    </ClCompile>
    <ClCompile Include="..\..\Source\Utils\dicomLoader.cpp">
      <Filter>Source\Utils</Filter>
    </ClCompile>
    <ClCompile Include="..\..\Source\vrController.cpp">
      <Filter>Source</Filter>
    </ClCompile>
    <ClCompile Include="..\..\Source\proto\inspectorSync.pb.cc">
      <Filter>Source\proto</Filter>
    </ClCompile>
    <ClCompile Include="..\..\Source\proto\transManager.pb.cc">
      <Filter>Source\proto</Filter>
    </ClCompile>
    <ClCompile Include="..\..\Source\proto\common.pb.cc">
      <Filter>Source\proto</Filter>
    </ClCompile>
    <ClCompile Include="..\..\Source\grpc\rpcHandler.cpp">
      <Filter>Source\grpc</Filter>
    </ClCompile>
    <ClCompile Include="..\..\Source\proto\inspectorSync.grpc.pb.cc">
      <Filter>Source\proto</Filter>
    </ClCompile>
    <ClCompile Include="..\..\Source\proto\transManager.grpc.pb.cc">
      <Filter>Source\proto</Filter>
    </ClCompile>
    <ClCompile Include="..\..\Source\proto\common.grpc.pb.cc">
      <Filter>Source\proto</Filter>
    </ClCompile>
    <ClCompile Include="..\..\Source\Common\Manager.cpp">
      <Filter>Source\Common</Filter>
    </ClCompile>
    <ClCompile Include="..\..\Source\Common\TextTexture.cpp">
      <Filter>Source\Common</Filter>
    </ClCompile>
    <ClCompile Include="..\..\Source\Renderers\textureBasedVolumeRenderer.cpp">
      <Filter>Source\Renderers</Filter>
    </ClCompile>
    <ClCompile Include="..\..\Source\Renderers\screenQuadRenderer.cpp">
      <Filter>Source\Renderers</Filter>
    </ClCompile>
    <ClCompile Include="..\..\Source\SceneObjs\cuttingPlane.cpp">
      <Filter>Source\SceneObjs</Filter>
    </ClCompile>
    <ClCompile Include="..\..\Source\proto\inspectorSync.pb.cc">
      <Filter>Source\proto</Filter>
    </ClCompile>
    <ClCompile Include="..\..\Source\proto\transManager.pb.cc">
      <Filter>Source\proto</Filter>
    </ClCompile>
    <ClCompile Include="..\..\Source\proto\common.pb.cc">
      <Filter>Source\proto</Filter>
    </ClCompile>
    <ClCompile Include="..\..\Source\grpc\rpcHandler.cpp">
      <Filter>Source\grpc</Filter>
    </ClCompile>
    <ClCompile Include="..\..\Source\proto\inspectorSync.grpc.pb.cc">
      <Filter>Source\proto</Filter>
    </ClCompile>
    <ClCompile Include="..\..\Source\proto\transManager.grpc.pb.cc">
      <Filter>Source\proto</Filter>
    </ClCompile>
    <ClCompile Include="..\..\Source\proto\common.grpc.pb.cc">
      <Filter>Source\proto</Filter>
    </ClCompile>
    <ClCompile Include="..\..\Source\Renderers\lineRenderer.cpp">
      <Filter>Source\Renderers</Filter>
    </ClCompile>
    <ClCompile Include="..\..\Source\Renderers\organMeshRenderer.cpp">
      <Filter>Source\Renderers</Filter>
    </ClCompile>
    <ClCompile Include="..\..\Source\Utils\uiController.cpp">
      <Filter>Source\Utils</Filter>
    </ClCompile>
    <ClCompile Include="..\..\Source\SceneObjs\dataVisualizer.cpp">
      <Filter>Source\SceneObjs</Filter>
    </ClCompile>
    <ClCompile Include="..\..\Source\Utils\dataManager.cpp">
      <Filter>Source\Utils</Filter>
    </ClCompile>
    <ClCompile Include="..\..\Source\OXRs\OXRRenderer\SlateCameraRenderer.cpp">
      <Filter>Source\OXRs\OXRRenderer</Filter>
    </ClCompile>
    <ClCompile Include="..\..\Source\OXRs\OXRRenderer\OpenCVFrameProcessing.cpp">
      <Filter>Source\OXRs\OXRRenderer</Filter>
    </ClCompile>
    <ClCompile Include="..\..\Source\OXRs\OXRRenderer\SlateArucoTracker.cpp">
      <Filter>Source\OXRs\OXRRenderer</Filter>
    </ClCompile>
    <ClCompile Include="..\..\Source\OXRs\OXRRenderer\RGBFrameProcessor.cpp">
      <Filter>Source\OXRs\OXRRenderer</Filter>
    </ClCompile>
    <ClCompile Include="..\..\Source\OXRs\DxCommon\DxUtility.cpp">
      <Filter>Source\OXRs\DxCommon</Filter>
    </ClCompile>
    <ClCompile Include="..\..\Source\OXRs\XrSceneLib\ProjectionLayer.cpp">
      <Filter>Source\OXRs\XrSceneLib</Filter>
    </ClCompile>
    <ClCompile Include="..\..\Source\OXRs\XrSceneLib\Scene.cpp" />
    <ClCompile Include="..\..\Source\Renderers\ViewAlignedSlicingRenderer.cpp">
      <Filter>Source\Renderers</Filter>
    </ClCompile>
    <ClCompile Include="..\..\Source\SceneObjs\overUIBoard.cpp">
      <Filter>Source\SceneObjs</Filter>
    </ClCompile>
    <ClCompile Include="..\..\Source\OXRs\OXRMainScene.cpp">
      <Filter>Source\OXRs</Filter>
    </ClCompile>
    <ClCompile Include="..\..\Source\OXRs\XrSceneLib\HLSensorManager.cpp">
      <Filter>Source\OXRs\XrSceneLib</Filter>
    </ClCompile>
    <ClCompile Include="..\..\Source\OXRs\XrSceneLib\RMCameraReader.cpp">
      <Filter>Source\OXRs\XrSceneLib</Filter>
    </ClCompile>
    <ClCompile Include="..\..\Source\OXRs\XrScenarios\MarkerBasedScenario.cpp">
      <Filter>Source\OXRs\XrScenarios</Filter>
    </ClCompile>
    <ClCompile Include="..\..\Source\SceneObjs\infoAnnotater.cpp">
      <Filter>Source\SceneObjs</Filter>
    </ClCompile>
    <ClCompile Include="..\..\Source\SceneObjs\handSystem.cpp">
      <Filter>Source\SceneObjs</Filter>
    </ClCompile>
    <ClCompile Include="..\..\Source\Renderers\sphereRenderer.cpp">
      <Filter>Source\Renderers</Filter>
    </ClCompile>
    <ClCompile Include="..\..\Source\Common\templateButton.cpp">
      <Filter>Source\Common</Filter>
    </ClCompile>
    <ClCompile Include="..\..\Source\SceneObjs\paintCanvas.cpp">
      <Filter>Source\SceneObjs</Filter>
    </ClCompile>
  </ItemGroup>
  <ItemGroup>
    <ClInclude Include="App.h" />
    <ClInclude Include="pch.h" />
    <ClInclude Include="..\..\Source\Common\DeviceResources.h">
      <Filter>Source\Common</Filter>
    </ClInclude>
    <ClInclude Include="..\..\Source\Common\DirectXHelper.h">
      <Filter>Source\Common</Filter>
    </ClInclude>
    <ClInclude Include="..\..\Source\OXRs\OXRManager.h">
      <Filter>Source\OXRs</Filter>
    </ClInclude>
    <ClInclude Include="..\..\Source\D3DPipeline\Primitive.h">
      <Filter>Source\D3DPipeline</Filter>
    </ClInclude>
    <ClInclude Include="..\..\Source\D3DPipeline\Texture.h">
      <Filter>Source\D3DPipeline</Filter>
    </ClInclude>
    <ClInclude Include="..\..\Source\Renderers\baseRenderer.h">
      <Filter>Source\Renderers</Filter>
    </ClInclude>
    <ClInclude Include="..\..\Source\Renderers\quadRenderer.h">
      <Filter>Source\Renderers</Filter>
    </ClInclude>
    <ClInclude Include="..\..\Source\Renderers\raycastVolumeRenderer.h">
      <Filter>Source\Renderers</Filter>
    </ClInclude>
    <ClInclude Include="..\..\Source\Utils\dicomLoader.h">
      <Filter>Source\Utils</Filter>
    </ClInclude>
    <ClInclude Include="..\..\Source\vrController.h">
      <Filter>Source</Filter>
    </ClInclude>
    <ClInclude Include="..\..\Source\proto\inspectorSync.pb.h">
      <Filter>Source\proto</Filter>
    </ClInclude>
    <ClInclude Include="..\..\Source\proto\transManager.pb.h">
      <Filter>Source\proto</Filter>
    </ClInclude>
    <ClInclude Include="..\..\Source\proto\common.pb.h">
      <Filter>Source\proto</Filter>
    </ClInclude>
    <ClInclude Include="..\..\Source\grpc\rpcHandler.h">
      <Filter>Source\grpc</Filter>
    </ClInclude>
    <ClInclude Include="..\..\Source\proto\inspectorSync.grpc.pb.h">
      <Filter>Source\proto</Filter>
    </ClInclude>
    <ClInclude Include="..\..\Source\proto\transManager.grpc.pb.h">
      <Filter>Source\proto</Filter>
    </ClInclude>
    <ClInclude Include="..\..\Source\proto\common.grpc.pb.h">
      <Filter>Source\proto</Filter>
    </ClInclude>
    <ClInclude Include="..\..\Source\Common\ConstantAndStruct.h">
      <Filter>Source\Common</Filter>
    </ClInclude>
    <ClInclude Include="..\..\Source\Common\Manager.h">
      <Filter>Source\Common</Filter>
    </ClInclude>
    <ClInclude Include="..\..\Source\D3DPipeline\Camera.h">
      <Filter>Source\D3DPipeline</Filter>
    </ClInclude>
    <ClInclude Include="..\..\Source\Utils\MathUtils.h">
      <Filter>Source\Utils</Filter>
    </ClInclude>
    <ClInclude Include="..\..\Source\Common\TextTexture.h">
      <Filter>Source\Common</Filter>
    </ClInclude>
    <ClInclude Include="..\..\Source\Renderers\textureBasedVolumeRenderer.h">
      <Filter>Source\Renderers</Filter>
    </ClInclude>
    <ClInclude Include="..\..\Source\Renderers\screenQuadRenderer.h">
      <Filter>Source\Renderers</Filter>
    </ClInclude>
    <ClInclude Include="..\..\Source\SceneObjs\cuttingPlane.h">
      <Filter>Source\SceneObjs</Filter>
    </ClInclude>
    <ClInclude Include="..\..\Source\Utils\TypeConvertUtils.h">
      <Filter>Source\Utils</Filter>
    </ClInclude>
    <ClInclude Include="..\..\Source\proto\inspectorSync.pb.h">
      <Filter>Source\proto</Filter>
    </ClInclude>
    <ClInclude Include="..\..\Source\proto\transManager.pb.h">
      <Filter>Source\proto</Filter>
    </ClInclude>
    <ClInclude Include="..\..\Source\proto\common.pb.h">
      <Filter>Source\proto</Filter>
    </ClInclude>
    <ClInclude Include="..\..\Source\grpc\rpcHandler.h">
      <Filter>Source\grpc</Filter>
    </ClInclude>
    <ClInclude Include="..\..\Source\proto\inspectorSync.grpc.pb.h">
      <Filter>Source\proto</Filter>
    </ClInclude>
    <ClInclude Include="..\..\Source\proto\transManager.grpc.pb.h">
      <Filter>Source\proto</Filter>
    </ClInclude>
    <ClInclude Include="..\..\Source\proto\common.grpc.pb.h">
      <Filter>Source\proto</Filter>
    </ClInclude>
    <ClInclude Include="..\..\Source\Renderers\lineRenderer.h">
      <Filter>Source\Renderers</Filter>
    </ClInclude>
    <ClInclude Include="..\..\Source\Renderers\organMeshRenderer.h">
      <Filter>Source\Renderers</Filter>
    </ClInclude>
    <ClInclude Include="..\..\Source\Utils\uiController.h">
      <Filter>Source\Utils</Filter>
    </ClInclude>
    <ClInclude Include="..\..\Source\SceneObjs\dataVisualizer.h">
      <Filter>Source\SceneObjs</Filter>
    </ClInclude>
    <ClInclude Include="..\..\Source\Utils\dataManager.h">
      <Filter>Source\Utils</Filter>
    </ClInclude>
    <ClInclude Include="..\..\Source\ResearchModeApi\ResearchModeApi.h">
      <Filter>Source\ResearchModeApi</Filter>
    </ClInclude>
    <ClInclude Include="..\..\Source\OXRs\OXRRenderer\SlateCameraRenderer.h">
      <Filter>Source\OXRs\OXRRenderer</Filter>
    </ClInclude>
    <ClInclude Include="..\..\Source\OXRs\OXRRenderer\OpenCVFrameProcessing.h">
      <Filter>Source\OXRs\OXRRenderer</Filter>
    </ClInclude>
    <ClInclude Include="..\..\Source\OXRs\OXRRenderer\SlateArucoTracker.h">
      <Filter>Source\OXRs\OXRRenderer</Filter>
    </ClInclude>
    <ClInclude Include="..\..\Source\OXRs\OXRRenderer\RGBFrameProcessor.h">
      <Filter>Source\OXRs\OXRRenderer</Filter>
    </ClInclude>
    <ClInclude Include="..\..\Source\OXRs\TimeConverter.h">
      <Filter>Source\OXRs</Filter>
    </ClInclude>
    <ClInclude Include="..\..\Source\OXRs\XrUtility\XrEnumerate.h">
      <Filter>Source\OXRs\XrUtility</Filter>
    </ClInclude>
    <ClInclude Include="..\..\Source\OXRs\XrUtility\XrError.h">
      <Filter>Source\OXRs\XrUtility</Filter>
    </ClInclude>
    <ClInclude Include="..\..\Source\OXRs\XrUtility\XrToString.h">
      <Filter>Source\OXRs\XrUtility</Filter>
    </ClInclude>
    <ClInclude Include="..\..\Source\OXRs\XrUtility\XrExtensionContext.h">
      <Filter>Source\OXRs\XrUtility</Filter>
    </ClInclude>
    <ClInclude Include="..\..\Source\OXRs\XrUtility\XrExtensions.h">
      <Filter>Source\OXRs\XrUtility</Filter>
    </ClInclude>
    <ClInclude Include="..\..\Source\OXRs\XrUtility\XrHandle.h">
      <Filter>Source\OXRs\XrUtility</Filter>
    </ClInclude>
    <ClInclude Include="..\..\Source\OXRs\XrUtility\XrInstanceContext.h">
      <Filter>Source\OXRs\XrUtility</Filter>
    </ClInclude>
    <ClInclude Include="..\..\Source\OXRs\XrUtility\XrString.h">
      <Filter>Source\OXRs\XrUtility</Filter>
    </ClInclude>
    <ClInclude Include="..\..\Source\OXRs\XrUtility\XrStruct.h">
      <Filter>Source\OXRs\XrUtility</Filter>
    </ClInclude>
    <ClInclude Include="..\..\Source\OXRs\XrUtility\XrSessionContext.h">
      <Filter>Source\OXRs\XrUtility</Filter>
    </ClInclude>
    <ClInclude Include="..\..\Source\OXRs\XrUtility\XrSystemContext.h">
      <Filter>Source\OXRs\XrUtility</Filter>
    </ClInclude>
    <ClInclude Include="..\..\Source\OXRs\XrUtility\XrViewConfiguration.h">
      <Filter>Source\OXRs\XrUtility</Filter>
    </ClInclude>
    <ClInclude Include="..\..\Source\OXRs\DxCommon\DxUtility.h">
      <Filter>Source\OXRs\DxCommon</Filter>
    </ClInclude>
    <ClInclude Include="..\..\Source\OXRs\XrUtility\XrMath.h">
      <Filter>Source\OXRs\XrUtility</Filter>
    </ClInclude>
    <ClInclude Include="..\..\Source\OXRs\XrUtility\XrStereoView.h">
      <Filter>Source\OXRs\XrUtility</Filter>
    </ClInclude>
    <ClInclude Include="..\..\Source\OXRs\XrSceneLib\FrameTime.h">
      <Filter>Source\OXRs\XrSceneLib</Filter>
    </ClInclude>
    <ClInclude Include="..\..\Source\OXRs\XrSceneLib\ProjectionLayer.h">
      <Filter>Source\OXRs\XrSceneLib</Filter>
    </ClInclude>
    <ClInclude Include="..\..\Source\OXRs\XrSceneLib\CompositionLayers.h">
      <Filter>Source\OXRs\XrSceneLib</Filter>
    </ClInclude>
    <ClInclude Include="..\..\Source\OXRs\XrSceneLib\Scene.h" />
    <ClInclude Include="..\..\Source\OXRs\XrSceneLib\XrContext.h" />
    <ClInclude Include="..\..\Source\Utils\CVMathUtils.h">
      <Filter>Source\Utils</Filter>
    </ClInclude>
    <ClInclude Include="..\..\Source\Common\StepTimer.h" />
    <ClInclude Include="..\..\Source\Renderers\ViewAlignedSlicingRenderer.h">
      <Filter>Source\Renderers</Filter>
    </ClInclude>
    <ClInclude Include="..\..\Source\SceneObjs\overUIBoard.h">
      <Filter>Source\SceneObjs</Filter>
    </ClInclude>
    <ClInclude Include="..\..\Source\OXRs\OXRMainScene.h">
      <Filter>Source\OXRs</Filter>
    </ClInclude>
    <ClInclude Include="..\..\Source\OXRs\XrSceneLib\HLSensorManager.h">
      <Filter>Source\OXRs\XrSceneLib</Filter>
    </ClInclude>
    <ClInclude Include="..\..\Source\OXRs\XrSceneLib\RMCameraReader.h">
      <Filter>Source\OXRs\XrSceneLib</Filter>
    </ClInclude>
    <ClInclude Include="..\..\Source\OXRs\XrScenarios\MarkerBasedScenario.h">
      <Filter>Source\OXRs\XrScenarios</Filter>
    </ClInclude>
    <ClInclude Include="..\..\Source\OXRs\XrScenarios\Scenario.h">
      <Filter>Source\OXRs\XrScenarios</Filter>
    </ClInclude>
    <ClInclude Include="..\..\Source\SceneObjs\infoAnnotater.h">
      <Filter>Source\SceneObjs</Filter>
    </ClInclude>
    <ClInclude Include="..\..\Source\OXRs\XrUtility\XrActionContext.h">
      <Filter>Source\OXRs\XrUtility</Filter>
    </ClInclude>
    <ClInclude Include="..\..\Source\SceneObjs\handSystem.h">
      <Filter>Source\SceneObjs</Filter>
    </ClInclude>
    <ClInclude Include="..\..\Source\Renderers\sphereRenderer.h">
      <Filter>Source\Renderers</Filter>
    </ClInclude>
    <ClInclude Include="..\..\Source\Common\templateButton.h">
      <Filter>Source\Common</Filter>
    </ClInclude>
    <ClInclude Include="..\..\Source\SceneObjs\paintCanvas.h">
      <Filter>Source\SceneObjs</Filter>
    </ClInclude>
  </ItemGroup>
  <ItemGroup>
    <AppxManifest Include="Package.appxmanifest" />
  </ItemGroup>
  <ItemGroup>
    <None Include="packages.config" />
    <None Include="OpenXR_TemporaryKey.pfx" />
    <None Include="..\..\Source\proto_src\inspectorSync.proto">
      <Filter>Source\proto_src</Filter>
    </None>
    <None Include="..\..\Source\proto_src\transManager.proto">
      <Filter>Source\proto_src</Filter>
    </None>
    <None Include="..\..\Source\proto_src\common.proto">
      <Filter>Source\proto_src</Filter>
    </None>
    <None Include="$(OpenXRLoaderBinaryRoot)\bin\openxr_loader.dll" />
    <None Include="..\..\Source\pbr\Shaders\Shared.hlsl" />
    <None Include="..\..\Source\Shaders\StructAndConsts.hlsli">
      <Filter>Source\Shaders</Filter>
    </None>
    <None Include="Assets\textures\gizmo">
      <Filter>Assets\textures</Filter>
    </None>
  </ItemGroup>
  <ItemGroup>
    <FxCompile Include="..\..\Source\Shaders\NaiveComputeShader.hlsl">
      <Filter>Source\Shaders</Filter>
    </FxCompile>
    <FxCompile Include="..\..\Source\Shaders\QuadVertexShader.hlsl">
      <Filter>Source\Shaders</Filter>
    </FxCompile>
    <FxCompile Include="..\..\Source\Shaders\raycastVertexShader.hlsl">
      <Filter>Source\Shaders</Filter>
    </FxCompile>
    <FxCompile Include="..\..\Source\Shaders\VolumeCompute.hlsl">
      <Filter>Source\Shaders</Filter>
    </FxCompile>
    <FxCompile Include="..\..\Source\Shaders\texbasedVertexShader.hlsl">
      <Filter>Source\Shaders</Filter>
    </FxCompile>
    <FxCompile Include="..\..\Source\Shaders\Naive2DTexVertexShader.hlsl">
      <Filter>Source\Shaders</Filter>
    </FxCompile>
    <FxCompile Include="..\..\Source\Shaders\MarchingCubeGeometryShader.hlsl">
      <Filter>Source\Shaders</Filter>
    </FxCompile>
    <FxCompile Include="..\..\Source\Shaders\mesh3DVertexShader.hlsl">
      <Filter>Source\Shaders</Filter>
    </FxCompile>
    <FxCompile Include="..\..\Source\Shaders\Naive3DVertexShader.hlsl">
      <Filter>Source\Shaders</Filter>
    </FxCompile>
    <FxCompile Include="..\..\Source\Shaders\colorTransferCompute.hlsl">
      <Filter>Source\Shaders</Filter>
    </FxCompile>
    <FxCompile Include="..\..\Source\Shaders\ClippedColorPixelShader.hlsl">
      <Filter>Source\Shaders</Filter>
    </FxCompile>
    <FxCompile Include="..\..\Source\Shaders\colorVizPixelShader.hlsl">
      <Filter>Source\Shaders</Filter>
    </FxCompile>
    <FxCompile Include="..\..\Source\Shaders\mesh3DPixelShader.hlsl">
      <Filter>Source\Shaders</Filter>
    </FxCompile>
    <FxCompile Include="..\..\Source\Shaders\NaiveColorPixelShader.hlsl">
      <Filter>Source\Shaders</Filter>
    </FxCompile>
    <FxCompile Include="..\..\Source\Shaders\QuadPixelShader.hlsl">
      <Filter>Source\Shaders</Filter>
    </FxCompile>
    <FxCompile Include="..\..\Source\Shaders\raycastPixelShaderNaive.hlsl">
      <Filter>Source\Shaders</Filter>
    </FxCompile>
    <FxCompile Include="..\..\Source\Shaders\texbasedPixelShader.hlsl">
      <Filter>Source\Shaders</Filter>
    </FxCompile>
    <FxCompile Include="..\..\Source\Shaders\raycastPixelShader.hlsl">
      <Filter>Source\Shaders</Filter>
    </FxCompile>
    <FxCompile Include="..\..\Source\Shaders\SimpleColorPixelShader.hlsl">
      <Filter>Source\Shaders</Filter>
    </FxCompile>
    <FxCompile Include="..\..\Source\Shaders\viewSlicingPixelShader.hlsl">
      <Filter>Source\Shaders</Filter>
    </FxCompile>
    <FxCompile Include="..\..\Source\Shaders\viewSlicingVertexShader.hlsl">
      <Filter>Source\Shaders</Filter>
    </FxCompile>
    <FxCompile Include="..\..\Source\Shaders\NaiveNormVertexShader.hlsl">
      <Filter>Source\Shaders</Filter>
    </FxCompile>
  </ItemGroup>
  <ItemGroup>
    <CopyFileToFolders Include="..\..\Library\x64\bin\libprotobuf.dll">
      <Filter>Library\x64</Filter>
    </CopyFileToFolders>
    <CopyFileToFolders Include="..\..\Library\x64\bin\libprotobuf-lite.dll">
      <Filter>Library\x64</Filter>
    </CopyFileToFolders>
    <CopyFileToFolders Include="..\..\Library\x64\bin\libssl-1_1-x64.dll">
      <Filter>Library\x64</Filter>
    </CopyFileToFolders>
    <CopyFileToFolders Include="..\..\Library\x64\bin\re2.dll">
      <Filter>Library\x64</Filter>
    </CopyFileToFolders>
    <CopyFileToFolders Include="..\..\Library\x64\bin\zlib1.dll">
      <Filter>Library\x64</Filter>
    </CopyFileToFolders>
    <CopyFileToFolders Include="..\..\Library\x64\bin\abseil_dll.dll">
      <Filter>Library\x64</Filter>
    </CopyFileToFolders>
    <CopyFileToFolders Include="..\..\Library\x64\bin\libcrypto-1_1-x64.dll">
      <Filter>Library\x64</Filter>
    </CopyFileToFolders>
    <CopyFileToFolders Include="..\..\Library\x64\debug\bin\libprotobuf-lited.dll">
      <Filter>Library\x64\debug</Filter>
    </CopyFileToFolders>
    <CopyFileToFolders Include="..\..\Library\x64\debug\bin\libssl-1_1-x64.dll">
      <Filter>Library\x64\debug</Filter>
    </CopyFileToFolders>
    <CopyFileToFolders Include="..\..\Library\x64\debug\bin\re2.dll">
      <Filter>Library\x64\debug</Filter>
    </CopyFileToFolders>
    <CopyFileToFolders Include="..\..\Library\x64\debug\bin\zlibd1.dll">
      <Filter>Library\x64\debug</Filter>
    </CopyFileToFolders>
    <CopyFileToFolders Include="..\..\Library\x64\debug\bin\abseil_dll.dll">
      <Filter>Library\x64\debug</Filter>
    </CopyFileToFolders>
    <CopyFileToFolders Include="..\..\Library\x64\debug\bin\libcrypto-1_1-x64.dll">
      <Filter>Library\x64\debug</Filter>
    </CopyFileToFolders>
    <CopyFileToFolders Include="..\..\Library\x64\debug\bin\libprotobufd.dll">
      <Filter>Library\x64\debug</Filter>
    </CopyFileToFolders>
    <CopyFileToFolders Include="..\..\Library\arm64\bin\libprotobuf.dll">
      <Filter>Library\arm64</Filter>
    </CopyFileToFolders>
    <CopyFileToFolders Include="..\..\Library\arm64\bin\libprotobuf-lite.dll">
      <Filter>Library\arm64</Filter>
    </CopyFileToFolders>
    <CopyFileToFolders Include="..\..\Library\arm64\bin\libssl-1_1-arm64.dll">
      <Filter>Library\arm64</Filter>
    </CopyFileToFolders>
    <CopyFileToFolders Include="..\..\Library\arm64\bin\re2.dll">
      <Filter>Library\arm64</Filter>
    </CopyFileToFolders>
    <CopyFileToFolders Include="..\..\Library\arm64\bin\zlib1.dll">
      <Filter>Library\arm64</Filter>
    </CopyFileToFolders>
    <CopyFileToFolders Include="..\..\Library\arm64\bin\abseil_dll.dll">
      <Filter>Library\arm64</Filter>
    </CopyFileToFolders>
    <CopyFileToFolders Include="..\..\Library\arm64\bin\libcrypto-1_1-arm64.dll">
      <Filter>Library\arm64</Filter>
    </CopyFileToFolders>
    <CopyFileToFolders Include="..\..\Library\arm64\debug\bin\libprotobuf-lited.dll">
      <Filter>Library\arm64\debug</Filter>
    </CopyFileToFolders>
    <CopyFileToFolders Include="..\..\Library\arm64\debug\bin\libssl-1_1-arm64.dll">
      <Filter>Library\arm64\debug</Filter>
    </CopyFileToFolders>
    <CopyFileToFolders Include="..\..\Library\arm64\debug\bin\re2.dll">
      <Filter>Library\arm64\debug</Filter>
    </CopyFileToFolders>
    <CopyFileToFolders Include="..\..\Library\arm64\debug\bin\zlibd1.dll">
      <Filter>Library\arm64\debug</Filter>
    </CopyFileToFolders>
    <CopyFileToFolders Include="..\..\Library\arm64\debug\bin\abseil_dll.dll">
      <Filter>Library\arm64\debug</Filter>
    </CopyFileToFolders>
    <CopyFileToFolders Include="..\..\Library\arm64\debug\bin\libcrypto-1_1-arm64.dll">
      <Filter>Library\arm64\debug</Filter>
    </CopyFileToFolders>
    <CopyFileToFolders Include="..\..\Library\arm64\debug\bin\libprotobufd.dll">
      <Filter>Library\arm64\debug</Filter>
    </CopyFileToFolders>
    <Image Include="Assets\SmallTile.scale-100.png">
      <Filter>Assets</Filter>
    </Image>
    <Image Include="Assets\SmallTile.scale-125.png">
      <Filter>Assets</Filter>
    </Image>
    <Image Include="Assets\SmallTile.scale-150.png">
      <Filter>Assets</Filter>
    </Image>
    <Image Include="Assets\SmallTile.scale-200.png">
      <Filter>Assets</Filter>
    </Image>
    <Image Include="Assets\SmallTile.scale-400.png">
      <Filter>Assets</Filter>
    </Image>
    <Image Include="Assets\Square150x150Logo.scale-100.png">
      <Filter>Assets</Filter>
    </Image>
    <Image Include="Assets\Square150x150Logo.scale-125.png">
      <Filter>Assets</Filter>
    </Image>
    <Image Include="Assets\Square150x150Logo.scale-150.png">
      <Filter>Assets</Filter>
    </Image>
    <Image Include="Assets\Square150x150Logo.scale-400.png">
      <Filter>Assets</Filter>
    </Image>
    <Image Include="Assets\Wide310x150Logo.scale-100.png">
      <Filter>Assets</Filter>
    </Image>
    <Image Include="Assets\Wide310x150Logo.scale-125.png">
      <Filter>Assets</Filter>
    </Image>
    <Image Include="Assets\Wide310x150Logo.scale-150.png">
      <Filter>Assets</Filter>
    </Image>
    <Image Include="Assets\Wide310x150Logo.scale-400.png">
      <Filter>Assets</Filter>
    </Image>
    <Image Include="Assets\LargeTile.scale-100.png">
      <Filter>Assets</Filter>
    </Image>
    <Image Include="Assets\LargeTile.scale-125.png">
      <Filter>Assets</Filter>
    </Image>
    <Image Include="Assets\LargeTile.scale-150.png">
      <Filter>Assets</Filter>
    </Image>
    <Image Include="Assets\LargeTile.scale-200.png">
      <Filter>Assets</Filter>
    </Image>
    <Image Include="Assets\LargeTile.scale-400.png">
      <Filter>Assets</Filter>
    </Image>
    <Image Include="Assets\Square44x44Logo.scale-100.png">
      <Filter>Assets</Filter>
    </Image>
    <Image Include="Assets\Square44x44Logo.scale-125.png">
      <Filter>Assets</Filter>
    </Image>
    <Image Include="Assets\Square44x44Logo.scale-150.png">
      <Filter>Assets</Filter>
    </Image>
    <Image Include="Assets\Square44x44Logo.scale-400.png">
      <Filter>Assets</Filter>
    </Image>
    <Image Include="Assets\Square44x44Logo.targetsize-16.png">
      <Filter>Assets</Filter>
    </Image>
    <Image Include="Assets\Square44x44Logo.targetsize-24.png">
      <Filter>Assets</Filter>
    </Image>
    <Image Include="Assets\Square44x44Logo.targetsize-32.png">
      <Filter>Assets</Filter>
    </Image>
    <Image Include="Assets\Square44x44Logo.targetsize-48.png">
      <Filter>Assets</Filter>
    </Image>
    <Image Include="Assets\Square44x44Logo.targetsize-256.png">
      <Filter>Assets</Filter>
    </Image>
    <Image Include="Assets\Square44x44Logo.altform-unplated_targetsize-16.png">
      <Filter>Assets</Filter>
    </Image>
    <Image Include="Assets\Square44x44Logo.altform-unplated_targetsize-32.png">
      <Filter>Assets</Filter>
    </Image>
    <Image Include="Assets\Square44x44Logo.altform-unplated_targetsize-48.png">
      <Filter>Assets</Filter>
    </Image>
    <Image Include="Assets\Square44x44Logo.altform-unplated_targetsize-256.png">
      <Filter>Assets</Filter>
    </Image>
    <Image Include="Assets\Square44x44Logo.altform-lightunplated_targetsize-16.png">
      <Filter>Assets</Filter>
    </Image>
    <Image Include="Assets\Square44x44Logo.altform-lightunplated_targetsize-24.png">
      <Filter>Assets</Filter>
    </Image>
    <Image Include="Assets\Square44x44Logo.altform-lightunplated_targetsize-32.png">
      <Filter>Assets</Filter>
    </Image>
    <Image Include="Assets\Square44x44Logo.altform-lightunplated_targetsize-48.png">
      <Filter>Assets</Filter>
    </Image>
    <Image Include="Assets\Square44x44Logo.altform-lightunplated_targetsize-256.png">
      <Filter>Assets</Filter>
    </Image>
    <Image Include="Assets\SplashScreen.scale-100.png">
      <Filter>Assets</Filter>
    </Image>
    <Image Include="Assets\SplashScreen.scale-125.png">
      <Filter>Assets</Filter>
    </Image>
    <Image Include="Assets\SplashScreen.scale-150.png">
      <Filter>Assets</Filter>
    </Image>
    <Image Include="Assets\SplashScreen.scale-400.png">
      <Filter>Assets</Filter>
    </Image>
    <Image Include="Assets\StoreLogo.scale-100.png">
      <Filter>Assets</Filter>
    </Image>
    <Image Include="Assets\StoreLogo.scale-125.png">
      <Filter>Assets</Filter>
    </Image>
    <Image Include="Assets\StoreLogo.scale-150.png">
      <Filter>Assets</Filter>
    </Image>
    <Image Include="Assets\StoreLogo.scale-200.png">
      <Filter>Assets</Filter>
    </Image>
    <Image Include="Assets\StoreLogo.scale-400.png">
      <Filter>Assets</Filter>
    </Image>
    <CopyFileToFolders Include="Assets\helmsley_cached\Larry_Smarr_2016\series_23_Cor_LAVA_PRE-Amira\data" />
    <CopyFileToFolders Include="Assets\helmsley_cached\Larry_Smarr_2016\series_23_Cor_LAVA_PRE-Amira\mask" />
    <CopyFileToFolders Include="Assets\helmsley_cached\pacs_local.txt" />
  </ItemGroup>
  <ItemGroup>
    <CopyFileToFolders Include="..\..\Library\x64\bin\libprotobuf.dll">
      <Filter>Library\x64</Filter>
    </CopyFileToFolders>
    <CopyFileToFolders Include="..\..\Library\x64\bin\libprotobuf-lite.dll">
      <Filter>Library\x64</Filter>
    </CopyFileToFolders>
    <CopyFileToFolders Include="..\..\Library\x64\bin\libssl-1_1-x64.dll">
      <Filter>Library\x64</Filter>
    </CopyFileToFolders>
    <CopyFileToFolders Include="..\..\Library\x64\bin\re2.dll">
      <Filter>Library\x64</Filter>
    </CopyFileToFolders>
    <CopyFileToFolders Include="..\..\Library\x64\bin\zlib1.dll">
      <Filter>Library\x64</Filter>
    </CopyFileToFolders>
    <CopyFileToFolders Include="..\..\Library\x64\bin\abseil_dll.dll">
      <Filter>Library\x64</Filter>
    </CopyFileToFolders>
    <CopyFileToFolders Include="..\..\Library\x64\bin\libcrypto-1_1-x64.dll">
      <Filter>Library\x64</Filter>
    </CopyFileToFolders>
    <CopyFileToFolders Include="..\..\Library\x64\debug\bin\libprotobuf-lited.dll">
      <Filter>Library\x64\debug</Filter>
    </CopyFileToFolders>
    <CopyFileToFolders Include="..\..\Library\x64\debug\bin\libssl-1_1-x64.dll">
      <Filter>Library\x64\debug</Filter>
    </CopyFileToFolders>
    <CopyFileToFolders Include="..\..\Library\x64\debug\bin\re2.dll">
      <Filter>Library\x64\debug</Filter>
    </CopyFileToFolders>
    <CopyFileToFolders Include="..\..\Library\x64\debug\bin\zlibd1.dll">
      <Filter>Library\x64\debug</Filter>
    </CopyFileToFolders>
    <CopyFileToFolders Include="..\..\Library\x64\debug\bin\abseil_dll.dll">
      <Filter>Library\x64\debug</Filter>
    </CopyFileToFolders>
    <CopyFileToFolders Include="..\..\Library\x64\debug\bin\libcrypto-1_1-x64.dll">
      <Filter>Library\x64\debug</Filter>
    </CopyFileToFolders>
    <CopyFileToFolders Include="..\..\Library\x64\debug\bin\libprotobufd.dll">
      <Filter>Library\x64\debug</Filter>
    </CopyFileToFolders>
    <CopyFileToFolders Include="..\..\Library\arm64\bin\libprotobuf.dll">
      <Filter>Library\arm64</Filter>
    </CopyFileToFolders>
    <CopyFileToFolders Include="..\..\Library\arm64\bin\libprotobuf-lite.dll">
      <Filter>Library\arm64</Filter>
    </CopyFileToFolders>
    <CopyFileToFolders Include="..\..\Library\arm64\bin\libssl-1_1-arm64.dll">
      <Filter>Library\arm64</Filter>
    </CopyFileToFolders>
    <CopyFileToFolders Include="..\..\Library\arm64\bin\re2.dll">
      <Filter>Library\arm64</Filter>
    </CopyFileToFolders>
    <CopyFileToFolders Include="..\..\Library\arm64\bin\zlib1.dll">
      <Filter>Library\arm64</Filter>
    </CopyFileToFolders>
    <CopyFileToFolders Include="..\..\Library\arm64\bin\abseil_dll.dll">
      <Filter>Library\arm64</Filter>
    </CopyFileToFolders>
    <CopyFileToFolders Include="..\..\Library\arm64\bin\libcrypto-1_1-arm64.dll">
      <Filter>Library\arm64</Filter>
    </CopyFileToFolders>
    <CopyFileToFolders Include="..\..\Library\arm64\debug\bin\libprotobuf-lited.dll">
      <Filter>Library\arm64\debug</Filter>
    </CopyFileToFolders>
    <CopyFileToFolders Include="..\..\Library\arm64\debug\bin\libssl-1_1-arm64.dll">
      <Filter>Library\arm64\debug</Filter>
    </CopyFileToFolders>
    <CopyFileToFolders Include="..\..\Library\arm64\debug\bin\re2.dll">
      <Filter>Library\arm64\debug</Filter>
    </CopyFileToFolders>
    <CopyFileToFolders Include="..\..\Library\arm64\debug\bin\zlibd1.dll">
      <Filter>Library\arm64\debug</Filter>
    </CopyFileToFolders>
    <CopyFileToFolders Include="..\..\Library\arm64\debug\bin\abseil_dll.dll">
      <Filter>Library\arm64\debug</Filter>
    </CopyFileToFolders>
    <CopyFileToFolders Include="..\..\Library\arm64\debug\bin\libcrypto-1_1-arm64.dll">
      <Filter>Library\arm64\debug</Filter>
    </CopyFileToFolders>
    <CopyFileToFolders Include="..\..\Library\arm64\debug\bin\libprotobufd.dll">
      <Filter>Library\arm64\debug</Filter>
    </CopyFileToFolders>
  </ItemGroup>
  <ItemGroup>
    <Text Include="Assets\textures\gizmo-bounding.txt">
      <Filter>Assets\textures</Filter>
    </Text>
  </ItemGroup>
</Project>