<?xml version="1.0" encoding="utf-8"?>
<Project ToolsVersion="4.0" xmlns="http://schemas.microsoft.com/developer/msbuild/2003">
  <ItemGroup>
    <Filter Include="Assets">
      <UniqueIdentifier>adf15f30-0cf3-421d-b102-bf833e3f6cc0</UniqueIdentifier>
      <Extensions>bmp;fbx;gif;jpg;jpeg;tga;tiff;tif;png</Extensions>
    </Filter>
    <Image Include="Assets\LockScreenLogo.scale-200.png">
      <Filter>Assets</Filter>
    </Image>
    <Image Include="Assets\SplashScreen.scale-200.png">
      <Filter>Assets</Filter>
    </Image>
    <Image Include="Assets\Square150x150Logo.scale-200.png">
      <Filter>Assets</Filter>
    </Image>
    <Image Include="Assets\Square44x44Logo.scale-200.png">
      <Filter>Assets</Filter>
    </Image>
    <Image Include="Assets\Square44x44Logo.targetsize-24_altform-unplated.png">
      <Filter>Assets</Filter>
    </Image>
    <Image Include="Assets\Wide310x150Logo.scale-200.png">
      <Filter>Assets</Filter>
    </Image>
    <Filter Include="Source">
      <UniqueIdentifier>{96008757-c4e8-4538-9995-f0f82998f1c2}</UniqueIdentifier>
    </Filter>
    <Filter Include="Source\Common">
      <UniqueIdentifier>{50dcc535-3873-4390-8799-ffd8251bd7b9}</UniqueIdentifier>
    </Filter>
    <Filter Include="Source\OXRs">
      <UniqueIdentifier>{6f0a2af9-cf4d-4de6-981d-59c0fb9412c3}</UniqueIdentifier>
    </Filter>
    <Filter Include="Source\D3DPipeline">
      <UniqueIdentifier>{978993e8-acf6-4afd-b20b-7c50237b595d}</UniqueIdentifier>
    </Filter>
    <Filter Include="Source\Shaders">
      <UniqueIdentifier>{2ababefe-ce79-4420-beaf-cb0a0c825c9f}</UniqueIdentifier>
    </Filter>
    <Filter Include="Source\Renderers">
      <UniqueIdentifier>{9a7c7c64-f15d-487c-839f-5a85ebff2e41}</UniqueIdentifier>
    </Filter>
    <Filter Include="Assets\dicom-data">
      <UniqueIdentifier>{31313c94-4fce-4bbd-b873-e63b6a529403}</UniqueIdentifier>
    </Filter>
    <Filter Include="Source\Utils">
      <UniqueIdentifier>{9b6d6c2a-afa4-4ca6-854e-82042768a0da}</UniqueIdentifier>
    </Filter>
    <Filter Include="Assets\dicom-data\Larry_Smarr_2016">
      <UniqueIdentifier>{71289dd9-a41a-447e-98b1-114ca90a73fe}</UniqueIdentifier>
    </Filter>
    <Filter Include="Assets\dicom-data\Larry_Smarr_2016\series_23_Cor_LAVA_PRE-Amira">
      <UniqueIdentifier>{1233eb50-6233-4905-9736-e6cda659fcd6}</UniqueIdentifier>
    </Filter>
    <Filter Include="Source\SceneObjs">
      <UniqueIdentifier>{65290514-d3a2-48ab-a1eb-0f237314ba51}</UniqueIdentifier>
    </Filter>
  </ItemGroup>
  <ItemGroup>
    <ClCompile Include="App.cpp" />
    <ClCompile Include="OpenXRMain.cpp" />
    <ClCompile Include="pch.cpp" />
    <ClCompile Include="..\..\Source\Common\DeviceResources.cpp">
      <Filter>Source\Common</Filter>
    </ClCompile>
    <ClCompile Include="..\..\Source\OXRs\OXRManager.cpp">
      <Filter>Source\OXRs</Filter>
    </ClCompile>
    <ClCompile Include="..\..\Source\D3DPipeline\Texture.cpp">
      <Filter>Source\D3DPipeline</Filter>
    </ClCompile>
    <ClCompile Include="..\..\Source\Renderers\baseRenderer.cpp">
      <Filter>Source\Renderers</Filter>
    </ClCompile>
    <ClCompile Include="..\..\Source\Renderers\quadRenderer.cpp">
      <Filter>Source\Renderers</Filter>
    </ClCompile>
    <ClCompile Include="..\..\Source\Renderers\raycastVolumeRenderer.cpp">
      <Filter>Source\Renderers</Filter>
    </ClCompile>
    <ClCompile Include="..\..\Source\Utils\dicomLoader.cpp">
      <Filter>Source\Utils</Filter>
    </ClCompile>
    <ClCompile Include="..\..\Source\vrController.cpp">
      <Filter>Source</Filter>
    </ClCompile>
    <ClCompile Include="..\..\Source\Common\Manager.cpp">
      <Filter>Source\Common</Filter>
    </ClCompile>
    <ClCompile Include="..\..\Source\Renderers\FpsTextRenderer.cpp">
      <Filter>Source\Renderers</Filter>
    </ClCompile>
    <ClCompile Include="..\..\Source\Common\TextTexture.cpp">
      <Filter>Source\Common</Filter>
    </ClCompile>
    <ClCompile Include="..\..\Source\OXRs\OXRScenes.cpp">
      <Filter>Source\OXRs</Filter>
    </ClCompile>
    <ClCompile Include="..\..\Source\Renderers\textureBasedVolumeRenderer.cpp">
      <Filter>Source\Renderers</Filter>
    </ClCompile>
    <ClCompile Include="..\..\Source\Renderers\screenQuadRenderer.cpp">
      <Filter>Source\Renderers</Filter>
    </ClCompile>
    <ClCompile Include="..\..\Source\SceneObjs\cuttingPlane.cpp">
      <Filter>Source\SceneObjs</Filter>
    </ClCompile>
  </ItemGroup>
  <ItemGroup>
    <ClInclude Include="App.h" />
    <ClInclude Include="OpenXRMain.h" />
    <ClInclude Include="pch.h" />
    <ClInclude Include="..\..\Source\Common\DeviceResources.h">
      <Filter>Source\Common</Filter>
    </ClInclude>
    <ClInclude Include="..\..\Source\Common\DirectXHelper.h">
      <Filter>Source\Common</Filter>
    </ClInclude>
    <ClInclude Include="..\..\Source\Common\StepTimer.h">
      <Filter>Source\Common</Filter>
    </ClInclude>
    <ClInclude Include="..\..\Source\OXRs\OXRManager.h">
      <Filter>Source\OXRs</Filter>
    </ClInclude>
    <ClInclude Include="..\..\Source\D3DPipeline\Primitive.h">
      <Filter>Source\D3DPipeline</Filter>
    </ClInclude>
    <ClInclude Include="..\..\Source\D3DPipeline\Texture.h">
      <Filter>Source\D3DPipeline</Filter>
    </ClInclude>
    <ClInclude Include="..\..\Source\Renderers\baseRenderer.h">
      <Filter>Source\Renderers</Filter>
    </ClInclude>
    <ClInclude Include="..\..\Source\Renderers\quadRenderer.h">
      <Filter>Source\Renderers</Filter>
    </ClInclude>
    <ClInclude Include="..\..\Source\Renderers\raycastVolumeRenderer.h">
      <Filter>Source\Renderers</Filter>
    </ClInclude>
    <ClInclude Include="..\..\Source\Utils\dicomLoader.h">
      <Filter>Source\Utils</Filter>
    </ClInclude>
    <ClInclude Include="..\..\Source\vrController.h">
      <Filter>Source</Filter>
    </ClInclude>
    <ClInclude Include="..\..\Source\Common\ConstantAndStruct.h">
      <Filter>Source\Common</Filter>
    </ClInclude>
    <ClInclude Include="..\..\Source\Common\Manager.h">
      <Filter>Source\Common</Filter>
    </ClInclude>
    <ClInclude Include="..\..\Source\D3DPipeline\Camera.h">
      <Filter>Source\D3DPipeline</Filter>
    </ClInclude>
    <ClInclude Include="..\..\Source\Utils\MathUtils.h">
      <Filter>Source\Utils</Filter>
    </ClInclude>
    <ClInclude Include="..\..\Source\Renderers\FpsTextRenderer.h">
      <Filter>Source\Renderers</Filter>
    </ClInclude>
    <ClInclude Include="..\..\Source\Common\TextTexture.h">
      <Filter>Source\Common</Filter>
    </ClInclude>
    <ClInclude Include="..\..\Source\OXRs\OXRScenes.h">
      <Filter>Source\OXRs</Filter>
    </ClInclude>
    <ClInclude Include="..\..\Source\Renderers\textureBasedVolumeRenderer.h">
      <Filter>Source\Renderers</Filter>
    </ClInclude>
    <ClInclude Include="..\..\Source\Renderers\screenQuadRenderer.h">
      <Filter>Source\Renderers</Filter>
    </ClInclude>
    <ClInclude Include="..\..\Source\SceneObjs\cuttingPlane.h">
      <Filter>Source\SceneObjs</Filter>
    </ClInclude>
  </ItemGroup>
  <ItemGroup>
    <AppxManifest Include="Package.appxmanifest" />
  </ItemGroup>
  <ItemGroup>
    <None Include="packages.config" />
    <None Include="$(OpenXRLoaderBinaryRoot)\bin\openxr_loader.dll" />
    <None Include="Assets\dicom-data\Larry_Smarr_2016\series_23_Cor_LAVA_PRE-Amira\data">
      <Filter>Assets\dicom-data\Larry_Smarr_2016\series_23_Cor_LAVA_PRE-Amira</Filter>
    </None>
    <None Include="Assets\dicom-data\Larry_Smarr_2016\series_23_Cor_LAVA_PRE-Amira\mask">
      <Filter>Assets\dicom-data\Larry_Smarr_2016\series_23_Cor_LAVA_PRE-Amira</Filter>
    </None>
    <None Include="OpenXR_TemporaryKey.pfx" />
  </ItemGroup>
  <ItemGroup>
    <FxCompile Include="..\..\Source\Shaders\NaiveComputeShader.hlsl">
      <Filter>Source\Shaders</Filter>
    </FxCompile>
    <FxCompile Include="..\..\Source\Shaders\QuadPixelShader.hlsl">
      <Filter>Source\Shaders</Filter>
    </FxCompile>
    <FxCompile Include="..\..\Source\Shaders\QuadVertexShader.hlsl">
      <Filter>Source\Shaders</Filter>
    </FxCompile>
    <FxCompile Include="..\..\Source\Shaders\raycastPixelShader.hlsl">
      <Filter>Source\Shaders</Filter>
    </FxCompile>
    <FxCompile Include="..\..\Source\Shaders\raycastVertexShader.hlsl">
      <Filter>Source\Shaders</Filter>
    </FxCompile>
    <FxCompile Include="..\..\Source\Shaders\VolumeCompute.hlsl">
      <Filter>Source\Shaders</Filter>
    </FxCompile>
    <FxCompile Include="..\..\Source\Shaders\texbasedPixelShader.hlsl">
      <Filter>Source\Shaders</Filter>
    </FxCompile>
    <FxCompile Include="..\..\Source\Shaders\texbasedVertexShader.hlsl">
      <Filter>Source\Shaders</Filter>
    </FxCompile>
    <FxCompile Include="..\..\Source\Shaders\Naive2DTexVertexShader.hlsl">
      <Filter>Source\Shaders</Filter>
    </FxCompile>
    <FxCompile Include="..\..\Source\Shaders\NaiveColorPixelShader.hlsl">
      <Filter>Source\Shaders</Filter>
    </FxCompile>
  </ItemGroup>
  <ItemGroup>
    <Image Include="Assets\SmallTile.scale-100.png">
      <Filter>Assets</Filter>
    </Image>
    <Image Include="Assets\SmallTile.scale-125.png">
      <Filter>Assets</Filter>
    </Image>
    <Image Include="Assets\SmallTile.scale-150.png">
      <Filter>Assets</Filter>
    </Image>
    <Image Include="Assets\SmallTile.scale-200.png">
      <Filter>Assets</Filter>
    </Image>
    <Image Include="Assets\SmallTile.scale-400.png">
      <Filter>Assets</Filter>
    </Image>
    <Image Include="Assets\Square150x150Logo.scale-100.png">
      <Filter>Assets</Filter>
    </Image>
    <Image Include="Assets\Square150x150Logo.scale-125.png">
      <Filter>Assets</Filter>
    </Image>
    <Image Include="Assets\Square150x150Logo.scale-150.png">
      <Filter>Assets</Filter>
    </Image>
    <Image Include="Assets\Square150x150Logo.scale-400.png">
      <Filter>Assets</Filter>
    </Image>
    <Image Include="Assets\Wide310x150Logo.scale-100.png">
      <Filter>Assets</Filter>
    </Image>
    <Image Include="Assets\Wide310x150Logo.scale-125.png">
      <Filter>Assets</Filter>
    </Image>
    <Image Include="Assets\Wide310x150Logo.scale-150.png">
      <Filter>Assets</Filter>
    </Image>
    <Image Include="Assets\Wide310x150Logo.scale-400.png">
      <Filter>Assets</Filter>
    </Image>
    <Image Include="Assets\LargeTile.scale-100.png">
      <Filter>Assets</Filter>
    </Image>
    <Image Include="Assets\LargeTile.scale-125.png">
      <Filter>Assets</Filter>
    </Image>
    <Image Include="Assets\LargeTile.scale-150.png">
      <Filter>Assets</Filter>
    </Image>
    <Image Include="Assets\LargeTile.scale-200.png">
      <Filter>Assets</Filter>
    </Image>
    <Image Include="Assets\LargeTile.scale-400.png">
      <Filter>Assets</Filter>
    </Image>
    <Image Include="Assets\Square44x44Logo.scale-100.png">
      <Filter>Assets</Filter>
    </Image>
    <Image Include="Assets\Square44x44Logo.scale-125.png">
      <Filter>Assets</Filter>
    </Image>
    <Image Include="Assets\Square44x44Logo.scale-150.png">
      <Filter>Assets</Filter>
    </Image>
    <Image Include="Assets\Square44x44Logo.scale-400.png">
      <Filter>Assets</Filter>
    </Image>
    <Image Include="Assets\Square44x44Logo.targetsize-16.png">
      <Filter>Assets</Filter>
    </Image>
    <Image Include="Assets\Square44x44Logo.targetsize-24.png">
      <Filter>Assets</Filter>
    </Image>
    <Image Include="Assets\Square44x44Logo.targetsize-32.png">
      <Filter>Assets</Filter>
    </Image>
    <Image Include="Assets\Square44x44Logo.targetsize-48.png">
      <Filter>Assets</Filter>
    </Image>
    <Image Include="Assets\Square44x44Logo.targetsize-256.png">
      <Filter>Assets</Filter>
    </Image>
    <Image Include="Assets\Square44x44Logo.altform-unplated_targetsize-16.png">
      <Filter>Assets</Filter>
    </Image>
    <Image Include="Assets\Square44x44Logo.altform-unplated_targetsize-32.png">
      <Filter>Assets</Filter>
    </Image>
    <Image Include="Assets\Square44x44Logo.altform-unplated_targetsize-48.png">
      <Filter>Assets</Filter>
    </Image>
    <Image Include="Assets\Square44x44Logo.altform-unplated_targetsize-256.png">
      <Filter>Assets</Filter>
    </Image>
    <Image Include="Assets\Square44x44Logo.altform-lightunplated_targetsize-16.png">
      <Filter>Assets</Filter>
    </Image>
    <Image Include="Assets\Square44x44Logo.altform-lightunplated_targetsize-24.png">
      <Filter>Assets</Filter>
    </Image>
    <Image Include="Assets\Square44x44Logo.altform-lightunplated_targetsize-32.png">
      <Filter>Assets</Filter>
    </Image>
    <Image Include="Assets\Square44x44Logo.altform-lightunplated_targetsize-48.png">
      <Filter>Assets</Filter>
    </Image>
    <Image Include="Assets\Square44x44Logo.altform-lightunplated_targetsize-256.png">
      <Filter>Assets</Filter>
    </Image>
    <Image Include="Assets\SplashScreen.scale-100.png">
      <Filter>Assets</Filter>
    </Image>
    <Image Include="Assets\SplashScreen.scale-125.png">
      <Filter>Assets</Filter>
    </Image>
    <Image Include="Assets\SplashScreen.scale-150.png">
      <Filter>Assets</Filter>
    </Image>
    <Image Include="Assets\SplashScreen.scale-400.png">
      <Filter>Assets</Filter>
    </Image>
    <Image Include="Assets\StoreLogo.scale-100.png">
      <Filter>Assets</Filter>
    </Image>
    <Image Include="Assets\StoreLogo.scale-125.png">
      <Filter>Assets</Filter>
    </Image>
    <Image Include="Assets\StoreLogo.scale-150.png">
      <Filter>Assets</Filter>
    </Image>
    <Image Include="Assets\StoreLogo.scale-200.png">
      <Filter>Assets</Filter>
    </Image>
    <Image Include="Assets\StoreLogo.scale-400.png">
      <Filter>Assets</Filter>
    </Image>
  </ItemGroup>
</Project>